# THIS IS AN AUTOGENERATED FILE. DO NOT EDIT THIS FILE DIRECTLY.
# yarn lockfile v1


"@polka/url@^1.0.0-next.20":
  "integrity" "sha512-a5Sab1C4/icpTZVzZc5Ghpz88yQtGOyNqYXcZgOssB2uuAr+wF/MvN6bgtW32q7HHrvBki+BsZ0OuNv6EV3K9g=="
  "resolved" "https://registry.npmjs.org/@polka/url/-/url-1.0.0-next.21.tgz"
  "version" "1.0.0-next.21"

"@popperjs/core@^2.11.5":
  "integrity" "sha512-9X2obfABZuDVLCgPK9aX0a/x4jaOEweTTWE2+9sr0Qqqevj2Uv5XorvusThmc9XGYpS9yI+fhh8RTafBtGposw=="
  "resolved" "https://registry.npmjs.org/@popperjs/core/-/core-2.11.5.tgz"
  "version" "2.11.5"

"@types/chai-subset@^1.3.3":
  "integrity" "sha512-frBecisrNGz+F4T6bcc+NLeolfiojh5FxW2klu669+8BARtyQv2C/GkNW6FUodVe4BroGMP/wER/YDGc7rEllw=="
  "resolved" "https://registry.npmjs.org/@types/chai-subset/-/chai-subset-1.3.3.tgz"
  "version" "1.3.3"
  dependencies:
    "@types/chai" "*"

"@types/chai@*":
  "integrity" "sha512-/zPMqDkzSZ8t3VtxOa4KPq7uzzW978M9Tvh+j7GHKuo6k6GTLxPJ4J5gE5cjfJ26pnXst0N5Hax8Sr0T2Mi9zQ=="
  "resolved" "https://registry.npmjs.org/@types/chai/-/chai-4.3.1.tgz"
  "version" "4.3.1"

"@types/chai@^4.3.3":
  "integrity" "sha512-hC7OMnszpxhZPduX+m+nrx+uFoLkWOMiR4oa/AZF3MuSETYTZmFfJAHqZEM8MVlvfG7BEUcgvtwoCTxBp6hm3g=="
  "resolved" "https://registry.npmjs.org/@types/chai/-/chai-4.3.3.tgz"
  "version" "4.3.3"

"@types/concat-stream@^1.6.0":
  "integrity" "sha512-eHE4cQPoj6ngxBZMvVf6Hw7Mh4jMW4U9lpGmS5GBPB9RYxlFg+CHaVN7ErNY4W9XfLIEn20b4VDYaIrbq0q4uA=="
  "resolved" "https://registry.npmjs.org/@types/concat-stream/-/concat-stream-1.6.1.tgz"
  "version" "1.6.1"
  dependencies:
    "@types/node" "*"

"@types/form-data@0.0.33":
  "integrity" "sha512-8BSvG1kGm83cyJITQMZSulnl6QV8jqAGreJsc5tPu1Jq0vTSOiY/k24Wx82JRpWwZSqrala6sd5rWi6aNXvqcw=="
  "resolved" "https://registry.npmjs.org/@types/form-data/-/form-data-0.0.33.tgz"
  "version" "0.0.33"
  dependencies:
    "@types/node" "*"

"@types/node@*":
  "integrity" "sha512-cHlGmko4gWLVI27cGJntjs/Sj8th9aYwplmZFwmmgYQQvL5NUsgVJG7OddLvNfLqYS31KFN0s3qlaD9qCaxACA=="
  "resolved" "https://registry.npmjs.org/@types/node/-/node-18.0.0.tgz"
  "version" "18.0.0"

"@types/node@^10.0.3":
  "integrity" "sha512-F0KIgDJfy2nA3zMLmWGKxcH2ZVEtCZXHHdOQs2gSaQ27+lNeEfGxzkIw90aXswATX7AZ33tahPbzy6KAfUreVw=="
  "resolved" "https://registry.npmjs.org/@types/node/-/node-10.17.60.tgz"
  "version" "10.17.60"

"@types/node@^8.0.0":
  "integrity" "sha512-tktOkFUA4kXx2hhhrB8bIFb5TbwzS4uOhKEmwiD+NoiL0qtP2OQ9mFldbgD4dV1djrlBYP6eBuQZiWjuHUpqFw=="
  "resolved" "https://registry.npmjs.org/@types/node/-/node-8.10.66.tgz"
  "version" "8.10.66"

"@types/qs@^6.2.31":
  "integrity" "sha512-FGa1F62FT09qcrueBA6qYTrJPVDzah9a+493+o2PCXsesWHIn27G98TsSMs3WPNbZIEj4+VJf6saSFpvD+3Zsw=="
  "resolved" "https://registry.npmjs.org/@types/qs/-/qs-6.9.7.tgz"
  "version" "6.9.7"

"@vitest/ui@*", "@vitest/ui@^0.23.1":
  "integrity" "sha512-W1ygPK4aTyLTPsf6NX3gZFbH0X1ipNzlHhxTRnZ4/HpQXs/qKw5NDY45/U2yC66Fevj5kXHI1tdrNfN00NouFQ=="
  "resolved" "https://registry.npmjs.org/@vitest/ui/-/ui-0.23.1.tgz"
  "version" "0.23.1"
  dependencies:
    "sirv" "^2.0.2"

"@vue/reactivity@~3.1.1":
  "integrity" "sha512-1tdfLmNjWG6t/CsPldh+foumYFo3cpyCHgBYQ34ylaMsJ+SNHQ1kApMIa8jN+i593zQuaw3AdWH0nJTARzCFhg=="
  "resolved" "https://registry.npmjs.org/@vue/reactivity/-/reactivity-3.1.5.tgz"
  "version" "3.1.5"
  dependencies:
    "@vue/shared" "3.1.5"

"@vue/shared@3.1.5":
  "integrity" "sha512-oJ4F3TnvpXaQwZJNF3ZK+kLPHKarDmJjJ6jyzVNDKH9md1dptjC7lWR//jrGuLdek/U6iltWxqAnYOu8gCiOvA=="
  "resolved" "https://registry.npmjs.org/@vue/shared/-/shared-3.1.5.tgz"
  "version" "3.1.5"

"acorn@^8.7.1":
  "integrity" "sha512-QOxyigPVrpZ2GXT+PFyZTl6TtOFc5egxHIP9IlQ+RbupQuX4RkT/Bee4/kQuC02Xkzg84JcT7oLYtDIQxp+v7w=="
  "resolved" "https://registry.npmjs.org/acorn/-/acorn-8.8.0.tgz"
  "version" "8.8.0"

"alpinejs@^3.10.2":
  "integrity" "sha512-P6DTX78J94FgsskS3eS23s26hfb0NWQZUidBnkUK7fId1x64/kLm5E79lL3HNItUmHDCKOHvfP8EAcuCVab89w=="
  "resolved" "https://registry.npmjs.org/alpinejs/-/alpinejs-3.10.2.tgz"
  "version" "3.10.2"
  dependencies:
    "@vue/reactivity" "~3.1.1"

"asap@~2.0.6":
  "integrity" "sha512-BSHWgDSAiKs50o2Re8ppvp3seVHXSRM44cdSsT9FfNEUUZLOGWVCsiWaRPWM1Znn+mqZ1OfVZ3z3DWEzSp7hRA=="
  "resolved" "https://registry.npmjs.org/asap/-/asap-2.0.6.tgz"
  "version" "2.0.6"

"assertion-error@^1.1.0":
  "integrity" "sha512-jgsaNduz+ndvGyFt3uSuWqvy4lCnIJiovtouQN5JZHOKCS2QuhEdbcQHFhVksz2N2U9hXJo8odG7ETyWlEeuDw=="
  "resolved" "https://registry.npmjs.org/assertion-error/-/assertion-error-1.1.0.tgz"
  "version" "1.1.0"

"asynckit@^0.4.0":
  "integrity" "sha512-Oei9OH4tRh0YqU3GxhX79dM/mwVgvbZJaSNaRk+bshkj0S5cfHcgYakreBjrHwatXKbz+IoIdYLxrKim2MjW0Q=="
  "resolved" "https://registry.npmjs.org/asynckit/-/asynckit-0.4.0.tgz"
  "version" "0.4.0"

"axios@^0.27.2":
  "integrity" "sha512-t+yRIyySRTp/wua5xEr+z1q60QmLq8ABsS5O9Me1AsE5dfKqgnCFzwiCZZ/cGNd1lq4/7akDWMxdhVlucjmnOQ=="
  "resolved" "https://registry.npmjs.org/axios/-/axios-0.27.2.tgz"
  "version" "0.27.2"
  dependencies:
    "follow-redirects" "^1.14.9"
    "form-data" "^4.0.0"

"buffer-from@^1.0.0":
  "integrity" "sha512-E+XQCRwSbaaiChtv6k6Dwgc+bx+Bs6vuKJHHl5kox/BaKbhiXzqQOwK4cO22yElGp2OCmjwVhT3HmxgyPGnJfQ=="
  "resolved" "https://registry.npmjs.org/buffer-from/-/buffer-from-1.1.2.tgz"
  "version" "1.1.2"

"call-bind@^1.0.0":
  "integrity" "sha512-7O+FbCihrB5WGbFYesctwmTKae6rOiIzmz1icreWJ+0aA7LJfuqhEso2T9ncpcFtzMQtzXf2QGGueWJGTYsqrA=="
  "resolved" "https://registry.npmjs.org/call-bind/-/call-bind-1.0.2.tgz"
  "version" "1.0.2"
  dependencies:
    "function-bind" "^1.1.1"
    "get-intrinsic" "^1.0.2"

"caseless@^0.12.0", "caseless@~0.12.0":
  "integrity" "sha512-4tYFyifaFfGacoiObjJegolkwSU4xQNGbVgUiNYVUxbQ2x2lUsFvY4hVgVzGiIe6WLOPqycWXA40l+PWsxthUw=="
  "resolved" "https://registry.npmjs.org/caseless/-/caseless-0.12.0.tgz"
  "version" "0.12.0"

"chai@^4.3.6":
  "integrity" "sha512-bbcp3YfHCUzMOvKqsztczerVgBKSsEijCySNlHHbX3VG1nskvqjz5Rfso1gGwD6w6oOV3eI60pKuMOV5MV7p3Q=="
  "resolved" "https://registry.npmjs.org/chai/-/chai-4.3.6.tgz"
  "version" "4.3.6"
  dependencies:
    "assertion-error" "^1.1.0"
    "check-error" "^1.0.2"
    "deep-eql" "^3.0.1"
    "get-func-name" "^2.0.0"
    "loupe" "^2.3.1"
    "pathval" "^1.1.1"
    "type-detect" "^4.0.5"

"check-error@^1.0.2":
  "integrity" "sha512-BrgHpW9NURQgzoNyjfq0Wu6VFO6D7IZEmJNdtgNqpzGG8RuNFHt2jQxWlAs4HMe119chBnv+34syEZtc6IhLtA=="
  "resolved" "https://registry.npmjs.org/check-error/-/check-error-1.0.2.tgz"
  "version" "1.0.2"

"combined-stream@^1.0.6", "combined-stream@^1.0.8":
  "integrity" "sha512-FQN4MRfuJeHf7cBbBMJFXhKSDq+2kAArBlmRBvcvFE5BB1HZKXtSFASDhdlz9zOYwxh8lDdnvmMOe/+5cdoEdg=="
  "resolved" "https://registry.npmjs.org/combined-stream/-/combined-stream-1.0.8.tgz"
  "version" "1.0.8"
  dependencies:
    "delayed-stream" "~1.0.0"

"concat-stream@^1.6.0", "concat-stream@^1.6.2":
  "integrity" "sha512-27HBghJxjiZtIk3Ycvn/4kbJk/1uZuJFfuPEns6LaEvpvG1f0hTea8lilrouyo9mVc2GWdcEZ8OLoGmSADlrCw=="
  "resolved" "https://registry.npmjs.org/concat-stream/-/concat-stream-1.6.2.tgz"
  "version" "1.6.2"
  dependencies:
    "buffer-from" "^1.0.0"
    "inherits" "^2.0.3"
    "readable-stream" "^2.2.2"
    "typedarray" "^0.0.6"

"core-util-is@~1.0.0":
  "integrity" "sha512-ZQBvi1DcpJ4GDqanjucZ2Hj3wEO5pZDS89BWbkcrvdxksJorwUDDZamX9ldFkp9aw2lmBDLgkObEA4DWNJ9FYQ=="
  "resolved" "https://registry.npmjs.org/core-util-is/-/core-util-is-1.0.3.tgz"
  "version" "1.0.3"

"css.escape@^1.5.1":
  "integrity" "sha512-YUifsXXuknHlUsmlgyY0PKzgPOr7/FjCePfHNt0jxm83wHZi44VDMQ7/fGNkjY3/jV1MC+1CmZbaHzugyeRtpg=="
  "resolved" "https://registry.npmjs.org/css.escape/-/css.escape-1.5.1.tgz"
  "version" "1.5.1"

"debug@^4.3.4":
  "integrity" "sha512-PRWFHuSU3eDtQJPvnNY7Jcket1j0t5OuOsFzPPzsekD52Zl8qUfFIPEiswXqIvHWGVHOgX+7G/vCNNhehwxfkQ=="
  "resolved" "https://registry.npmjs.org/debug/-/debug-4.3.4.tgz"
  "version" "4.3.4"
  dependencies:
    "ms" "2.1.2"

"deep-eql@^3.0.1":
  "integrity" "sha512-+QeIQyN5ZuO+3Uk5DYh6/1eKO0m0YmJFGNmFHGACpf1ClL1nmlV/p4gNgbl2pJGxgXb4faqo6UE+M5ACEMyVcw=="
  "resolved" "https://registry.npmjs.org/deep-eql/-/deep-eql-3.0.1.tgz"
  "version" "3.0.1"
  dependencies:
    "type-detect" "^4.0.0"

"delayed-stream@~1.0.0":
  "integrity" "sha512-ZySD7Nf91aLB0RxL4KGrKHBXl7Eds1DAmEdcoVawXnLD7SDhpNgtuII2aAkg7a7QS41jxPSZ17p4VdGnMHk3MQ=="
  "resolved" "https://registry.npmjs.org/delayed-stream/-/delayed-stream-1.0.0.tgz"
  "version" "1.0.0"

"esbuild-linux-arm64@0.14.47":
  "integrity" "sha512-ywfme6HVrhWcevzmsufjd4iT3PxTfCX9HOdxA7Hd+/ZM23Y9nXeb+vG6AyA6jgq/JovkcqRHcL9XwRNpWG6XRw=="
  "resolved" "https://registry.npmjs.org/esbuild-linux-arm64/-/esbuild-linux-arm64-0.14.47.tgz"
  "version" "0.14.47"

"esbuild-linux-arm64@0.15.7":
  "integrity" "sha512-P3cfhudpzWDkglutWgXcT2S7Ft7o2e3YDMrP1n0z2dlbUZghUkKCyaWw0zhp4KxEEzt/E7lmrtRu/pGWnwb9vw=="
  "resolved" "https://registry.npmjs.org/esbuild-linux-arm64/-/esbuild-linux-arm64-0.15.7.tgz"
  "version" "0.15.7"

"esbuild@^0.14.27":
  "integrity" "sha512-wI4ZiIfFxpkuxB8ju4MHrGwGLyp1+awEHAHVpx6w7a+1pmYIq8T9FGEVVwFo0iFierDoMj++Xq69GXWYn2EiwA=="
  "resolved" "https://registry.npmjs.org/esbuild/-/esbuild-0.14.47.tgz"
  "version" "0.14.47"
  optionalDependencies:
    "esbuild-android-64" "0.14.47"
    "esbuild-android-arm64" "0.14.47"
    "esbuild-darwin-64" "0.14.47"
    "esbuild-darwin-arm64" "0.14.47"
    "esbuild-freebsd-64" "0.14.47"
    "esbuild-freebsd-arm64" "0.14.47"
    "esbuild-linux-32" "0.14.47"
    "esbuild-linux-64" "0.14.47"
    "esbuild-linux-arm" "0.14.47"
    "esbuild-linux-arm64" "0.14.47"
    "esbuild-linux-mips64le" "0.14.47"
    "esbuild-linux-ppc64le" "0.14.47"
    "esbuild-linux-riscv64" "0.14.47"
    "esbuild-linux-s390x" "0.14.47"
    "esbuild-netbsd-64" "0.14.47"
    "esbuild-openbsd-64" "0.14.47"
    "esbuild-sunos-64" "0.14.47"
    "esbuild-windows-32" "0.14.47"
    "esbuild-windows-64" "0.14.47"
    "esbuild-windows-arm64" "0.14.47"

"esbuild@^0.15.6":
  "integrity" "sha512-7V8tzllIbAQV1M4QoE52ImKu8hT/NLGlGXkiDsbEU5PS6K8Mn09ZnYoS+dcmHxOS9CRsV4IRAMdT3I67IyUNXw=="
  "resolved" "https://registry.npmjs.org/esbuild/-/esbuild-0.15.7.tgz"
  "version" "0.15.7"
  optionalDependencies:
    "@esbuild/linux-loong64" "0.15.7"
    "esbuild-android-64" "0.15.7"
    "esbuild-android-arm64" "0.15.7"
    "esbuild-darwin-64" "0.15.7"
    "esbuild-darwin-arm64" "0.15.7"
    "esbuild-freebsd-64" "0.15.7"
    "esbuild-freebsd-arm64" "0.15.7"
    "esbuild-linux-32" "0.15.7"
    "esbuild-linux-64" "0.15.7"
    "esbuild-linux-arm" "0.15.7"
    "esbuild-linux-arm64" "0.15.7"
    "esbuild-linux-mips64le" "0.15.7"
    "esbuild-linux-ppc64le" "0.15.7"
    "esbuild-linux-riscv64" "0.15.7"
    "esbuild-linux-s390x" "0.15.7"
    "esbuild-netbsd-64" "0.15.7"
    "esbuild-openbsd-64" "0.15.7"
    "esbuild-sunos-64" "0.15.7"
    "esbuild-windows-32" "0.15.7"
    "esbuild-windows-64" "0.15.7"
    "esbuild-windows-arm64" "0.15.7"

"follow-redirects@^1.14.9":
  "integrity" "sha512-yLAMQs+k0b2m7cVxpS1VKJVvoz7SS9Td1zss3XRwXj+ZDH00RJgnuLx7E44wx02kQLrdM3aOOy+FpzS7+8OizA=="
  "resolved" "https://registry.npmjs.org/follow-redirects/-/follow-redirects-1.15.1.tgz"
  "version" "1.15.1"

"form-data@^2.2.0":
  "integrity" "sha512-m21N3WOmEEURgk6B9GLOE4RuWOFf28Lhh9qGYeNlGq4VDXUlJy2th2slBNU8Gp8EzloYZOibZJ7t5ecIrFSjVA=="
  "resolved" "https://registry.npmjs.org/form-data/-/form-data-2.5.1.tgz"
  "version" "2.5.1"
  dependencies:
    "asynckit" "^0.4.0"
    "combined-stream" "^1.0.6"
    "mime-types" "^2.1.12"

"form-data@^4.0.0":
  "integrity" "sha512-ETEklSGi5t0QMZuiXoA/Q6vcnxcLQP5vdugSpuAyi6SVGi2clPPp+xgEhuMaHC+zGgn31Kd235W35f7Hykkaww=="
  "resolved" "https://registry.npmjs.org/form-data/-/form-data-4.0.0.tgz"
  "version" "4.0.0"
  dependencies:
    "asynckit" "^0.4.0"
    "combined-stream" "^1.0.8"
    "mime-types" "^2.1.12"

"function-bind@^1.1.1":
  "integrity" "sha512-yIovAzMX49sF8Yl58fSCWJ5svSLuaibPxXQJFLmBObTuCr0Mf1KiPopGM9NiFjiYBCbfaa2Fh6breQ6ANVTI0A=="
  "resolved" "https://registry.npmjs.org/function-bind/-/function-bind-1.1.1.tgz"
  "version" "1.1.1"

"get-func-name@^2.0.0":
  "integrity" "sha512-Hm0ixYtaSZ/V7C8FJrtZIuBBI+iSgL+1Aq82zSu8VQNB4S3Gk8e7Qs3VwBDJAhmRZcFqkl3tQu36g/Foh5I5ig=="
  "resolved" "https://registry.npmjs.org/get-func-name/-/get-func-name-2.0.0.tgz"
  "version" "2.0.0"

"get-intrinsic@^1.0.2":
  "integrity" "sha512-Jfm3OyCxHh9DJyc28qGk+JmfkpO41A4XkneDSujN9MDXrm4oDKdHvndhZ2dN94+ERNfkYJWDclW6k2L/ZGHjXA=="
  "resolved" "https://registry.npmjs.org/get-intrinsic/-/get-intrinsic-1.1.2.tgz"
  "version" "1.1.2"
  dependencies:
    "function-bind" "^1.1.1"
    "has" "^1.0.3"
    "has-symbols" "^1.0.3"

"get-port@^3.1.0":
  "integrity" "sha512-x5UJKlgeUiNT8nyo/AcnwLnZuZNcSjSw0kogRB+Whd1fjjFq4B1hySFxSFWWSn4mIBzg3sRNUDFYc4g5gjPoLg=="
  "resolved" "https://registry.npmjs.org/get-port/-/get-port-3.2.0.tgz"
  "version" "3.2.0"

"happy-dom@*", "happy-dom@^6.0.4":
  "integrity" "sha512-b+ID23Ms0BY08UNLymsOMG7EI2jSlwEt4cbJs938GZfeNAg+fqgkSO3TokQMgSOFoHznpjWmpVjBUL5boJ9PWw=="
  "resolved" "https://registry.npmjs.org/happy-dom/-/happy-dom-6.0.4.tgz"
  "version" "6.0.4"
  dependencies:
    "css.escape" "^1.5.1"
    "he" "^1.2.0"
    "node-fetch" "^2.x.x"
    "sync-request" "^6.1.0"
    "webidl-conversions" "^7.0.0"
    "whatwg-encoding" "^2.0.0"
    "whatwg-mimetype" "^3.0.0"

"has-symbols@^1.0.3":
  "integrity" "sha512-l3LCuF6MgDNwTDKkdYGEihYjt5pRPbEg46rtlmnSPlUbgmB8LOIrKJbYYFBSbnPaJexMKtiPO8hmeRjRz2Td+A=="
  "resolved" "https://registry.npmjs.org/has-symbols/-/has-symbols-1.0.3.tgz"
  "version" "1.0.3"

"has@^1.0.3":
  "integrity" "sha512-f2dvO0VU6Oej7RkWJGrehjbzMAjFp5/VKPp5tTpWIV4JHHZK1/BxbFRtf/siA2SWTe09caDmVtYYzWEIbBS4zw=="
  "resolved" "https://registry.npmjs.org/has/-/has-1.0.3.tgz"
  "version" "1.0.3"
  dependencies:
    "function-bind" "^1.1.1"

"he@^1.2.0":
  "integrity" "sha512-F/1DnUGPopORZi0ni+CvrCgHQ5FyEAHRLSApuYWMmrbSwoN2Mn/7k+Gl38gJnR7yyDZk6WLXwiGod1JOWNDKGw=="
  "resolved" "https://registry.npmjs.org/he/-/he-1.2.0.tgz"
  "version" "1.2.0"

"http-basic@^8.1.1":
  "integrity" "sha512-/EcDMwJZh3mABI2NhGfHOGOeOZITqfkEO4p/xK+l3NpyncIHUQBoMvCSF/b5GqvKtySC2srL/GGG3+EtlqlmCw=="
  "resolved" "https://registry.npmjs.org/http-basic/-/http-basic-8.1.3.tgz"
  "version" "8.1.3"
  dependencies:
    "caseless" "^0.12.0"
    "concat-stream" "^1.6.2"
    "http-response-object" "^3.0.1"
    "parse-cache-control" "^1.0.1"

"http-response-object@^3.0.1":
  "integrity" "sha512-bqX0XTF6fnXSQcEJ2Iuyr75yVakyjIDCqroJQ/aHfSdlM743Cwqoi2nDYMzLGWUcuTWGWy8AAvOKXTfiv6q9RA=="
  "resolved" "https://registry.npmjs.org/http-response-object/-/http-response-object-3.0.2.tgz"
  "version" "3.0.2"
  dependencies:
    "@types/node" "^10.0.3"

"iconv-lite@0.6.3":
  "integrity" "sha512-4fCk79wshMdzMp2rH06qWrJE4iolqLhCUH+OiuIgU++RB0+94NlDL81atO7GX55uUKueo0txHNtvEyI6D7WdMw=="
  "resolved" "https://registry.npmjs.org/iconv-lite/-/iconv-lite-0.6.3.tgz"
  "version" "0.6.3"
  dependencies:
    "safer-buffer" ">= 2.1.2 < 3.0.0"

"inherits@^2.0.3", "inherits@~2.0.3":
  "integrity" "sha512-k/vGaX4/Yla3WzyMCvTQOXYeIHvqOKtnqBduzTHpzpQZzAskKMhZ2K+EnBiSM9zGSoIFeMpXKxa4dYeZIQqewQ=="
  "resolved" "https://registry.npmjs.org/inherits/-/inherits-2.0.4.tgz"
  "version" "2.0.4"

"is-core-module@^2.9.0":
  "integrity" "sha512-+5FPy5PnwmO3lvfMb0AsoPaBG+5KHUI0wYFXOtYPnVVVspTFUuMZNfNaNVRt3FZadstu2c8x23vykRW/NBoU6A=="
  "resolved" "https://registry.npmjs.org/is-core-module/-/is-core-module-2.9.0.tgz"
  "version" "2.9.0"
  dependencies:
    "has" "^1.0.3"

"isarray@~1.0.0":
  "integrity" "sha512-VLghIWNM6ELQzo7zwmcg0NmTVyWKYjvIeM83yjp0wRDTmUnrM678fQbcKBo6n2CJEF0szoG//ytg+TKla89ALQ=="
  "resolved" "https://registry.npmjs.org/isarray/-/isarray-1.0.0.tgz"
  "version" "1.0.0"

"js-cookie@^3.0.1":
  "integrity" "sha512-+0rgsUXZu4ncpPxRL+lNEptWMOWl9etvPHc/koSRp6MPwpRYAhmk0dUG00J4bxVV3r9uUzfo24wW0knS07SKSw=="
  "resolved" "https://registry.npmjs.org/js-cookie/-/js-cookie-3.0.1.tgz"
  "version" "3.0.1"

"local-pkg@^0.4.2":
  "integrity" "sha512-mlERgSPrbxU3BP4qBqAvvwlgW4MTg78iwJdGGnv7kibKjWcJksrG3t6LB5lXI93wXRDvG4NpUgJFmTG4T6rdrg=="
  "resolved" "https://registry.npmjs.org/local-pkg/-/local-pkg-0.4.2.tgz"
  "version" "0.4.2"

"loupe@^2.3.1":
  "integrity" "sha512-OvKfgCC2Ndby6aSTREl5aCCPTNIzlDfQZvZxNUrBrihDhL3xcrYegTblhmEiCrg2kKQz4XsFIaemE5BF4ybSaQ=="
  "resolved" "https://registry.npmjs.org/loupe/-/loupe-2.3.4.tgz"
  "version" "2.3.4"
  dependencies:
    "get-func-name" "^2.0.0"

"mime-db@1.52.0":
  "integrity" "sha512-sPU4uV7dYlvtWJxwwxHD0PuihVNiE7TyAbQ5SWxDCB9mUYvOgroQOwYQQOKPJ8CIbE+1ETVlOoK1UC2nU3gYvg=="
  "resolved" "https://registry.npmjs.org/mime-db/-/mime-db-1.52.0.tgz"
  "version" "1.52.0"

"mime-types@^2.1.12":
  "integrity" "sha512-ZDY+bPm5zTTF+YpCrAU9nK0UgICYPT0QtT1NZWFv4s++TNkcgVaT0g6+4R2uI4MjQjzysHB1zxuWL50hzaeXiw=="
  "resolved" "https://registry.npmjs.org/mime-types/-/mime-types-2.1.35.tgz"
  "version" "2.1.35"
  dependencies:
    "mime-db" "1.52.0"

"mrmime@^1.0.0":
  "integrity" "sha512-hzzEagAgDyoU1Q6yg5uI+AorQgdvMCur3FcKf7NhMKWsaYg+RnbTyHRa/9IlLF9rf455MOCtcqqrQQ83pPP7Uw=="
  "resolved" "https://registry.npmjs.org/mrmime/-/mrmime-1.0.1.tgz"
  "version" "1.0.1"

"ms@2.1.2":
  "integrity" "sha512-sGkPx+VjMtmA6MX27oA4FBFELFCZZ4S4XqeGOXCv68tT+jb3vk/RyaKWP0PTKyWtmLSM0b+adUTEvbs1PEaH2w=="
  "resolved" "https://registry.npmjs.org/ms/-/ms-2.1.2.tgz"
  "version" "2.1.2"

"nanoid@^3.3.4":
  "integrity" "sha512-MqBkQh/OHTS2egovRtLk45wEyNXwF+cokD+1YPf9u5VfJiRdAiRwB2froX5Co9Rh20xs4siNPm8naNotSD6RBw=="
  "resolved" "https://registry.npmjs.org/nanoid/-/nanoid-3.3.4.tgz"
  "version" "3.3.4"

"node-fetch@^2.x.x":
  "integrity" "sha512-ZjMPFEfVx5j+y2yF35Kzx5sF7kDzxuDj6ziH4FFbOp87zKDZNx8yExJIb05OGF4Nlt9IHFIMBkRl41VdvcNdbQ=="
  "resolved" "https://registry.npmjs.org/node-fetch/-/node-fetch-2.6.7.tgz"
  "version" "2.6.7"
  dependencies:
    "whatwg-url" "^5.0.0"

"object-inspect@^1.9.0":
  "integrity" "sha512-z+cPxW0QGUp0mcqcsgQyLVRDoXFQbXOwBaqyF7VIgI4TWNQsDHrBpUQslRmIfAoYWdYzs6UlKJtB2XJpTaNSpQ=="
  "resolved" "https://registry.npmjs.org/object-inspect/-/object-inspect-1.12.2.tgz"
  "version" "1.12.2"

"parse-cache-control@^1.0.1":
  "integrity" "sha512-60zvsJReQPX5/QP0Kzfd/VrpjScIQ7SHBW6bFCYfEP+fp0Eppr1SHhIO5nd1PjZtvclzSzES9D/p5nFJurwfWg=="
  "resolved" "https://registry.npmjs.org/parse-cache-control/-/parse-cache-control-1.0.1.tgz"
  "version" "1.0.1"

"path-parse@^1.0.7":
  "integrity" "sha512-LDJzPVEEEPR+y48z93A0Ed0yXb8pAByGWo/k5YYdYgpY2/2EsOsksJrq7lOHxryrVOn1ejG6oAp8ahvOIQD8sw=="
  "resolved" "https://registry.npmjs.org/path-parse/-/path-parse-1.0.7.tgz"
  "version" "1.0.7"

"pathval@^1.1.1":
  "integrity" "sha512-Dp6zGqpTdETdR63lehJYPeIOqpiNBNtc7BpWSLrOje7UaIsE5aY92r/AunQA7rsXvet3lrJ3JnZX29UPTKXyKQ=="
  "resolved" "https://registry.npmjs.org/pathval/-/pathval-1.1.1.tgz"
  "version" "1.1.1"

"picocolors@^1.0.0":
  "integrity" "sha512-1fygroTLlHu66zi26VoTDv8yRgm0Fccecssto+MhsZ0D/DGW2sm8E8AjW7NU5VVTRt5GxbeZ5qBuJr+HyLYkjQ=="
  "resolved" "https://registry.npmjs.org/picocolors/-/picocolors-1.0.0.tgz"
  "version" "1.0.0"

"postcss@^8.4.13":
  "integrity" "sha512-E398TUmfAYFPBSdzgeieK2Y1+1cpdxJx8yXbK/m57nRhKSmk1GB2tO4lbLBtlkfPQTDKfe4Xqv1ASWPpayPEig=="
  "resolved" "https://registry.npmjs.org/postcss/-/postcss-8.4.14.tgz"
  "version" "8.4.14"
  dependencies:
    "nanoid" "^3.3.4"
    "picocolors" "^1.0.0"
    "source-map-js" "^1.0.2"

"postcss@^8.4.16":
  "integrity" "sha512-ipHE1XBvKzm5xI7hiHCZJCSugxvsdq2mPnsq5+UF+VHCjiBvtDrlxJfMBToWaP9D5XlgNmcFGqoHmUn0EYEaRQ=="
  "resolved" "https://registry.npmjs.org/postcss/-/postcss-8.4.16.tgz"
  "version" "8.4.16"
  dependencies:
    "nanoid" "^3.3.4"
    "picocolors" "^1.0.0"
    "source-map-js" "^1.0.2"

"process-nextick-args@~2.0.0":
  "integrity" "sha512-3ouUOpQhtgrbOa17J7+uxOTpITYWaGP7/AhoR3+A+/1e9skrzelGi/dXzEYyvbxubEF6Wn2ypscTKiKJFFn1ag=="
  "resolved" "https://registry.npmjs.org/process-nextick-args/-/process-nextick-args-2.0.1.tgz"
  "version" "2.0.1"

"promise@^8.0.0":
  "integrity" "sha512-+CMAlLHqwRYwBMXKCP+o8ns7DN+xHDUiI+0nArsiJ9y+kJVPLFxEaSw6Ha9s9H0tftxg2Yzl25wqj9G7m5wLZg=="
  "resolved" "https://registry.npmjs.org/promise/-/promise-8.2.0.tgz"
  "version" "8.2.0"
  dependencies:
    "asap" "~2.0.6"

"qs@^6.4.0":
  "integrity" "sha512-MvjoMCJwEarSbUYk5O+nmoSzSutSsTwF85zcHPQ9OrlFoZOYIjaqBAJIqIXjptyD5vThxGq52Xu/MaJzRkIk4Q=="
  "resolved" "https://registry.npmjs.org/qs/-/qs-6.11.0.tgz"
  "version" "6.11.0"
  dependencies:
    "side-channel" "^1.0.4"

"readable-stream@^2.2.2":
  "integrity" "sha512-Ebho8K4jIbHAxnuxi7o42OrZgF/ZTNcsZj6nRKyUmkhLFq8CHItp/fy6hQZuZmP/n3yZ9VBUbp4zz/mX8hmYPw=="
  "resolved" "https://registry.npmjs.org/readable-stream/-/readable-stream-2.3.7.tgz"
  "version" "2.3.7"
  dependencies:
    "core-util-is" "~1.0.0"
    "inherits" "~2.0.3"
    "isarray" "~1.0.0"
    "process-nextick-args" "~2.0.0"
    "safe-buffer" "~5.1.1"
    "string_decoder" "~1.1.1"
    "util-deprecate" "~1.0.1"

"resolve@^1.22.0", "resolve@^1.22.1":
  "integrity" "sha512-nBpuuYuY5jFsli/JIs1oldw6fOQCBioohqWZg/2hiaOybXOft4lonv85uDOKXdf8rhyK159cxU5cDcK/NKk8zw=="
  "resolved" "https://registry.npmjs.org/resolve/-/resolve-1.22.1.tgz"
  "version" "1.22.1"
  dependencies:
    "is-core-module" "^2.9.0"
    "path-parse" "^1.0.7"
    "supports-preserve-symlinks-flag" "^1.0.0"

"rollup@^2.59.0":
  "integrity" "sha512-VSE1iy0eaAYNCxEXaleThdFXqZJ42qDBatAwrfnPlENEZ8erQ+0LYX4JXOLPceWfZpV1VtZwZ3dFCuOZiSyFtQ=="
  "resolved" "https://registry.npmjs.org/rollup/-/rollup-2.75.7.tgz"
  "version" "2.75.7"
  optionalDependencies:
    "fsevents" "~2.3.2"

"rollup@~2.78.0":
  "integrity" "sha512-VeeCgtGi4P+o9hIg+xz4qQpRl6R401LWEXBmxYKOV4zlF82lyhgh2hTZnheFUbANE8l2A41F458iwj2vEYaXJg=="
  "resolved" "https://registry.npmjs.org/rollup/-/rollup-2.78.1.tgz"
  "version" "2.78.1"
  optionalDependencies:
    "fsevents" "~2.3.2"

"safe-buffer@~5.1.0", "safe-buffer@~5.1.1":
  "integrity" "sha512-Gd2UZBJDkXlY7GbJxfsE8/nvKkUEU1G38c1siN6QP6a9PT9MmHB8GnpscSmMJSoF8LOIrt8ud/wPtojys4G6+g=="
  "resolved" "https://registry.npmjs.org/safe-buffer/-/safe-buffer-5.1.2.tgz"
  "version" "5.1.2"

"safer-buffer@>= 2.1.2 < 3.0.0":
  "integrity" "sha512-YZo3K82SD7Riyi0E1EQPojLz7kpepnSQI9IyPbHHg1XXXevb5dJI7tpyN2ADxGcQbHG7vcyRHk0cbwqcQriUtg=="
  "resolved" "https://registry.npmjs.org/safer-buffer/-/safer-buffer-2.1.2.tgz"
  "version" "2.1.2"

"side-channel@^1.0.4":
  "integrity" "sha512-q5XPytqFEIKHkGdiMIrY10mvLRvnQh42/+GoBlFW3b2LXLE2xxJpZFdm94we0BaoV3RwJyGqg5wS7epxTv0Zvw=="
  "resolved" "https://registry.npmjs.org/side-channel/-/side-channel-1.0.4.tgz"
  "version" "1.0.4"
  dependencies:
    "call-bind" "^1.0.0"
    "get-intrinsic" "^1.0.2"
    "object-inspect" "^1.9.0"

"sirv@^2.0.2":
  "integrity" "sha512-4Qog6aE29nIjAOKe/wowFTxOdmbEZKb+3tsLljaBRzJwtqto0BChD2zzH0LhgCSXiI+V7X+Y45v14wBZQ1TK3w=="
  "resolved" "https://registry.npmjs.org/sirv/-/sirv-2.0.2.tgz"
  "version" "2.0.2"
  dependencies:
    "@polka/url" "^1.0.0-next.20"
    "mrmime" "^1.0.0"
    "totalist" "^3.0.0"

"source-map-js@^1.0.2":
  "integrity" "sha512-R0XvVJ9WusLiqTCEiGCmICCMplcCkIwwR11mOSD9CR5u+IXYdiseeEuXCVAjS54zqwkLcPNnmU4OeJ6tUrWhDw=="
  "resolved" "https://registry.npmjs.org/source-map-js/-/source-map-js-1.0.2.tgz"
  "version" "1.0.2"

"string_decoder@~1.1.1":
  "integrity" "sha512-n/ShnvDi6FHbbVfviro+WojiFzv+s8MPMHBczVePfUpDJLwoLT0ht1l4YwBCbi8pJAveEEdnkHyPyTP/mzRfwg=="
  "resolved" "https://registry.npmjs.org/string_decoder/-/string_decoder-1.1.1.tgz"
  "version" "1.1.1"
  dependencies:
    "safe-buffer" "~5.1.0"

"strip-literal@^0.4.0":
  "integrity" "sha512-ql/sBDoJOybTKSIOWrrh8kgUEMjXMwRAkZTD0EwiwxQH/6tTPkZvMIEjp0CRlpi6V5FMiJyvxeRkEi1KrGISoA=="
  "resolved" "https://registry.npmjs.org/strip-literal/-/strip-literal-0.4.0.tgz"
  "version" "0.4.0"
  dependencies:
    "acorn" "^8.7.1"

"supports-preserve-symlinks-flag@^1.0.0":
  "integrity" "sha512-ot0WnXS9fgdkgIcePe6RHNk1WA8+muPa6cSjeR3V8K27q9BB1rTE3R1p7Hv0z1ZyAc8s6Vvv8DIyWf681MAt0w=="
  "resolved" "https://registry.npmjs.org/supports-preserve-symlinks-flag/-/supports-preserve-symlinks-flag-1.0.0.tgz"
  "version" "1.0.0"

"sync-request@^6.1.0":
  "integrity" "sha512-8fjNkrNlNCrVc/av+Jn+xxqfCjYaBoHqCsDz6mt030UMxJGr+GSfCV1dQt2gRtlL63+VPidwDVLr7V2OcTSdRw=="
  "resolved" "https://registry.npmjs.org/sync-request/-/sync-request-6.1.0.tgz"
  "version" "6.1.0"
  dependencies:
    "http-response-object" "^3.0.1"
    "sync-rpc" "^1.2.1"
    "then-request" "^6.0.0"

"sync-rpc@^1.2.1":
  "integrity" "sha512-J8jTXuZzRlvU7HemDgHi3pGnh/rkoqR/OZSjhTyyZrEkkYQbk7Z33AXp37mkPfPpfdOuj7Ex3H/TJM1z48uPQw=="
  "resolved" "https://registry.npmjs.org/sync-rpc/-/sync-rpc-1.3.6.tgz"
  "version" "1.3.6"
  dependencies:
    "get-port" "^3.1.0"

"then-request@^6.0.0":
  "integrity" "sha512-3ZBiG7JvP3wbDzA9iNY5zJQcHL4jn/0BWtXIkagfz7QgOL/LqjCEOBQuJNZfu0XYnv5JhKh+cDxCPM4ILrqruA=="
  "resolved" "https://registry.npmjs.org/then-request/-/then-request-6.0.2.tgz"
  "version" "6.0.2"
  dependencies:
    "@types/concat-stream" "^1.6.0"
    "@types/form-data" "0.0.33"
    "@types/node" "^8.0.0"
    "@types/qs" "^6.2.31"
    "caseless" "~0.12.0"
    "concat-stream" "^1.6.0"
    "form-data" "^2.2.0"
    "http-basic" "^8.1.1"
    "http-response-object" "^3.0.1"
    "promise" "^8.0.0"
    "qs" "^6.4.0"

"tinybench@^2.1.3":
  "integrity" "sha512-NFWIw2Gg7EUPdeE8nL1Dc7AMVlk7sOr2PmSNKVuQrZ0YwTOFoshPQ+hcLrgnhK8dTP3FWMCJaf4N+/hXp6lKPw=="
  "resolved" "https://registry.npmjs.org/tinybench/-/tinybench-2.1.4.tgz"
  "version" "2.1.4"

"tinypool@^0.2.4":
  "integrity" "sha512-Vs3rhkUH6Qq1t5bqtb816oT+HeJTXfwt2cbPH17sWHIYKTotQIFPk3tf2fgqRrVyMDVOc1EnPgzIxfIulXVzwQ=="
  "resolved" "https://registry.npmjs.org/tinypool/-/tinypool-0.2.4.tgz"
  "version" "0.2.4"

"tinyspy@^1.0.2":
  "integrity" "sha512-bSGlgwLBYf7PnUsQ6WOc6SJ3pGOcd+d8AA6EUnLDDM0kWEstC1JIlSZA3UNliDXhd9ABoS7hiRBDCu+XP/sf1Q=="
  "resolved" "https://registry.npmjs.org/tinyspy/-/tinyspy-1.0.2.tgz"
  "version" "1.0.2"

"totalist@^3.0.0":
  "integrity" "sha512-eM+pCBxXO/njtF7vdFsHuqb+ElbxqtI4r5EAvk6grfAFyJ6IvWlSkfZ5T9ozC6xWw3Fj1fGoSmrl0gUs46JVIw=="
  "resolved" "https://registry.npmjs.org/totalist/-/totalist-3.0.0.tgz"
  "version" "3.0.0"

"tr46@~0.0.3":
  "integrity" "sha512-N3WMsuqV66lT30CrXNbEjx4GEwlow3v6rr4mCcv6prnfwhS01rkgyFdjPNBYd9br7LpXV1+Emh01fHnq2Gdgrw=="
  "resolved" "https://registry.npmjs.org/tr46/-/tr46-0.0.3.tgz"
  "version" "0.0.3"

"type-detect@^4.0.0", "type-detect@^4.0.5":
  "integrity" "sha512-0fr/mIH1dlO+x7TlcMy+bIDqKPsw/70tVyeHW787goQjhmqaZe10uwLujubK9q9Lg6Fiho1KUKDYz0Z7k7g5/g=="
  "resolved" "https://registry.npmjs.org/type-detect/-/type-detect-4.0.8.tgz"
  "version" "4.0.8"

"typedarray@^0.0.6":
  "integrity" "sha512-/aCDEGatGvZ2BIk+HmLf4ifCJFwvKFNb9/JeZPMulfgFracn9QFcAf5GO8B/mweUjSoblS5In0cWhqpfs/5PQA=="
  "resolved" "https://registry.npmjs.org/typedarray/-/typedarray-0.0.6.tgz"
  "version" "0.0.6"

"util-deprecate@~1.0.1":
  "integrity" "sha512-EPD5q1uXyFxJpCrLnCc1nHnq3gOa6DZBocAIiI2TaSCA7VCJ1UJDMagCzIkXNsUYfD1daK//LTEQ8xiIbrHtcw=="
  "resolved" "https://registry.npmjs.org/util-deprecate/-/util-deprecate-1.0.2.tgz"
  "version" "1.0.2"

"vite@^2.9.12 || ^3.0.0-0":
  "integrity" "sha512-YBg3dUicDpDWFCGttmvMbVyS9ydjntwEjwXRj2KBFwSB8SxmGcudo1yb8FW5+M/G86aS8x828ujnzUVdsLjs9g=="
  "resolved" "https://registry.npmjs.org/vite/-/vite-3.1.0.tgz"
  "version" "3.1.0"
  dependencies:
    "esbuild" "^0.15.6"
    "postcss" "^8.4.16"
    "resolve" "^1.22.1"
    "rollup" "~2.78.0"
  optionalDependencies:
    "fsevents" "~2.3.2"

"vite@^2.9.13":
  "integrity" "sha512-AsOBAaT0AD7Mhe8DuK+/kE4aWYFMx/i0ZNi98hJclxb4e0OhQcZYUrvLjIaQ8e59Ui7txcvKMiJC1yftqpQoDw=="
  "resolved" "https://registry.npmjs.org/vite/-/vite-2.9.13.tgz"
  "version" "2.9.13"
  dependencies:
    "esbuild" "^0.14.27"
    "postcss" "^8.4.13"
    "resolve" "^1.22.0"
    "rollup" "^2.59.0"
  optionalDependencies:
    "fsevents" "~2.3.2"

"vitest@^0.23.1":
  "integrity" "sha512-kn9pG+h6VA3yj/xRvwgLKEd33rOlzMqJEg3tl5HSm3WUPlkY1Lr1FK8RN1uIqVKvFxmz6HGU3EQW+xW2kazRkQ=="
  "resolved" "https://registry.npmjs.org/vitest/-/vitest-0.23.1.tgz"
  "version" "0.23.1"
  dependencies:
    "@types/chai" "^4.3.3"
    "@types/chai-subset" "^1.3.3"
    "@types/node" "*"
    "chai" "^4.3.6"
    "debug" "^4.3.4"
    "local-pkg" "^0.4.2"
    "strip-literal" "^0.4.0"
    "tinybench" "^2.1.3"
    "tinypool" "^0.2.4"
    "tinyspy" "^1.0.2"
    "vite" "^2.9.12 || ^3.0.0-0"

"webidl-conversions@^3.0.0":
  "integrity" "sha512-2JAn3z8AR6rjK8Sm8orRC0h/bcl/DqL7tRPdGZ4I1CjdF+EaMLmYxBHyXuKL849eucPFhvBoxMsflfOb8kxaeQ=="
  "resolved" "https://registry.npmjs.org/webidl-conversions/-/webidl-conversions-3.0.1.tgz"
  "version" "3.0.1"

"webidl-conversions@^7.0.0":
  "integrity" "sha512-VwddBukDzu71offAQR975unBIGqfKZpM+8ZX6ySk8nYhVoo5CYaZyzt3YBvYtRtO+aoGlqxPg/B87NGVZ/fu6g=="
  "resolved" "https://registry.npmjs.org/webidl-conversions/-/webidl-conversions-7.0.0.tgz"
  "version" "7.0.0"

"whatwg-encoding@^2.0.0":
  "integrity" "sha512-p41ogyeMUrw3jWclHWTQg1k05DSVXPLcVxRTYsXUk+ZooOCZLcoYgPZ/HL/D/N+uQPOtcp1me1WhBEaX02mhWg=="
  "resolved" "https://registry.npmjs.org/whatwg-encoding/-/whatwg-encoding-2.0.0.tgz"
  "version" "2.0.0"
  dependencies:
    "iconv-lite" "0.6.3"

"whatwg-mimetype@^3.0.0":
  "integrity" "sha512-nt+N2dzIutVRxARx1nghPKGv1xHikU7HKdfafKkLNLindmPU/ch3U31NOCGGA/dmPcmb1VlofO0vnKAcsm0o/Q=="
  "resolved" "https://registry.npmjs.org/whatwg-mimetype/-/whatwg-mimetype-3.0.0.tgz"
  "version" "3.0.0"

"whatwg-url@^5.0.0":
  "integrity" "sha512-saE57nupxk6v3HY35+jzBwYa0rKSy0XR8JSxZPwgLr7ys0IBzhGviA1/TUGJLmSVqs8pb9AnvICXEuOHLprYTw=="
  "resolved" "https://registry.npmjs.org/whatwg-url/-/whatwg-url-5.0.0.tgz"
  "version" "5.0.0"
  dependencies:
    "tr46" "~0.0.3"
    "webidl-conversions" "^3.0.0"
