# THIS IS AN AUTOGENERATED FILE. DO NOT EDIT THIS FILE DIRECTLY.
# yarn lockfile v1


"@babel/runtime@^7.13.10":
  version "7.21.0"
  resolved "https://registry.npmjs.org/@babel/runtime/-/runtime-7.21.0.tgz"
  integrity sha512-xwII0//EObnq89Ji5AKYQaRYiW/nZ3llSv29d49IuxPhKbtJoLP+9QUUZ4nVragQVtaVGeZrpB+ZtG/Pdy/POw==
  dependencies:
    regenerator-runtime "^0.13.11"

"@esbuild/darwin-arm64@0.17.15":
  version "0.17.15"
  resolved "https://registry.npmjs.org/@esbuild/darwin-arm64/-/darwin-arm64-0.17.15.tgz"
  integrity sha512-7siLjBc88Z4+6qkMDxPT2juf2e8SJxmsbNVKFY2ifWCDT72v5YJz9arlvBw5oB4W/e61H1+HDB/jnu8nNg0rLA==

"@linaria/core@3.0.0-beta.13":
  version "3.0.0-beta.13"
  resolved "https://registry.npmjs.org/@linaria/core/-/core-3.0.0-beta.13.tgz"
  integrity sha512-3zEi5plBCOsEzUneRVuQb+2SAx3qaC1dj0FfFAI6zIJQoDWu0dlSwKijMRack7oO9tUWrchfj3OkKQAd1LBdVg==

"@popperjs/core@^2.11.5":
  version "2.11.7"
  resolved "https://registry.npmjs.org/@popperjs/core/-/core-2.11.7.tgz"
  integrity sha512-Cr4OjIkipTtcXKjAsm8agyleBuDHvxzeBoa1v543lbv1YaIwQjESsVcmjiWiPEbC1FIeHOG/Op9kdCmAmiS3Kw==

"@remirror/core-constants@^2.0.0":
  version "2.0.0"
  resolved "https://registry.npmjs.org/@remirror/core-constants/-/core-constants-2.0.0.tgz"
  integrity sha512-vpePPMecHJllBqCWXl6+FIcZqS+tRUM2kSCCKFeEo1H3XUEv3ocijBIPhnlSAa7g6maX+12ATTgxrOsLpWVr2g==
  dependencies:
    "@babel/runtime" "^7.13.10"

"@remirror/core-helpers@^2.0.1":
  version "2.0.1"
  resolved "https://registry.npmjs.org/@remirror/core-helpers/-/core-helpers-2.0.1.tgz"
  integrity sha512-s8M1pn33aBUhduvD1QR02uUQMegnFkGaTr4c1iBzxTTyg0rbQstzuQ7Q8TkL6n64JtgCdJS9jLz2dONb2meBKQ==
  dependencies:
    "@babel/runtime" "^7.13.10"
    "@linaria/core" "3.0.0-beta.13"
    "@remirror/core-constants" "^2.0.0"
    "@remirror/types" "^1.0.0"
    "@types/object.omit" "^3.0.0"
    "@types/object.pick" "^1.3.1"
    "@types/throttle-debounce" "^2.1.0"
    case-anything "^2.1.10"
    dash-get "^1.0.2"
    deepmerge "^4.2.2"
    fast-deep-equal "^3.1.3"
    make-error "^1.3.6"
    object.omit "^3.0.0"
    object.pick "^1.3.0"
    throttle-debounce "^3.0.1"

"@remirror/types@^1.0.0":
  version "1.0.0"
  resolved "https://registry.npmjs.org/@remirror/types/-/types-1.0.0.tgz"
  integrity sha512-7HQbW7k8VxrAtfzs9FxwO6XSDabn8tSFDi1wwzShOnU+cvaYpfxu0ygyTk3TpXsag1hgFKY3ZIlAfB4WVz2LkQ==
  dependencies:
    type-fest "^2.0.0"

"@tiptap/core@^2.0.0", "@tiptap/core@^2.0.0-beta.129", "@tiptap/core@^2.0.0-beta.218", "@tiptap/core@^2.0.2":
  version "2.0.2"
  resolved "https://registry.npmjs.org/@tiptap/core/-/core-2.0.2.tgz"
  integrity sha512-DBry6tpX7mYaTJkEDjVA4WmF8Kgthr275L0uIIOVdwW5nG5PAnOvREKyVOoMQnN3vR7CjtaCK+c3y+MCQhMA/g==

"@tiptap/extension-blockquote@^2.0.2":
  version "2.0.2"
  resolved "https://registry.npmjs.org/@tiptap/extension-blockquote/-/extension-blockquote-2.0.2.tgz"
  integrity sha512-KY4PZtQRf06sC2B1nKkm1hI2y7XFWqqA2lAmWRu12m7Zofc9aabLipEY8yijY7se0QMc4kDTVWp8d2uvbhyDFA==

"@tiptap/extension-bold@^2.0.2":
  version "2.0.2"
  resolved "https://registry.npmjs.org/@tiptap/extension-bold/-/extension-bold-2.0.2.tgz"
  integrity sha512-WRqc8WeKx3pmi0u0Svre5rhMeTT1c/Vch48BWTkUsmn2PAufg/mrmmR1fJ8Bp5soazEKknOT5LVe69OYKLfHIQ==

"@tiptap/extension-bullet-list@^2.0.2":
  version "2.0.2"
  resolved "https://registry.npmjs.org/@tiptap/extension-bullet-list/-/extension-bullet-list-2.0.2.tgz"
  integrity sha512-n6P4N+3dZqBnyxpc6pz4qYHLOYr2oy6+K662GKzNQqe1TFSVr9+Vc/JmXiVPgwERs6RW6/Kdo7/9s454eDTIzg==

"@tiptap/extension-code-block@^2.0.2":
  version "2.0.2"
  resolved "https://registry.npmjs.org/@tiptap/extension-code-block/-/extension-code-block-2.0.2.tgz"
  integrity sha512-GL8ogok1tl1FkXwk0P0ZWYh6oAmSA+R3oubtDZJG1fLlezKLcLYCN/Q2jgYDHDwEOnxMc4JIiT7EYwJ0pqmNaQ==

"@tiptap/extension-code@^2.0.2":
  version "2.0.2"
  resolved "https://registry.npmjs.org/@tiptap/extension-code/-/extension-code-2.0.2.tgz"
  integrity sha512-YG8BlqK50ZyYpBZ3KtO9/Ao+hQr3Z9wuW0fi7VIlwWferB20Px9WlBolAipRxfCh+oLmiacipHBIdGZGD+rC6A==

"@tiptap/extension-document@^2.0.2":
  version "2.0.2"
  resolved "https://registry.npmjs.org/@tiptap/extension-document/-/extension-document-2.0.2.tgz"
  integrity sha512-rY87m1sezlD37v5hGndiA/B/3upR3hQurSEsWhWyQE/11lOshPQKCCHfDV6KLwKdjd8lfwfbXueH/SBFHtrYAQ==

"@tiptap/extension-dropcursor@^2.0.2":
  version "2.0.2"
  resolved "https://registry.npmjs.org/@tiptap/extension-dropcursor/-/extension-dropcursor-2.0.2.tgz"
  integrity sha512-jHBq5fAlgUeZBHPtdAeS40Xmx+2sUvzTnHonU6cDKOpD3+dzwNHEqVSk/9vcjEIcqeM5w3eOIS/AGvoFq7RCjA==

"@tiptap/extension-gapcursor@^2.0.2":
  version "2.0.2"
  resolved "https://registry.npmjs.org/@tiptap/extension-gapcursor/-/extension-gapcursor-2.0.2.tgz"
  integrity sha512-NimvDbM8Cc8+l/ZWJW8aqZRH6hzz1iJLOAMyj23UjHQWvKO0yqE1KBLGZI2GU+vizEK3LkZZXhXnh76rnTwgSQ==

"@tiptap/extension-hard-break@^2.0.2":
  version "2.0.2"
  resolved "https://registry.npmjs.org/@tiptap/extension-hard-break/-/extension-hard-break-2.0.2.tgz"
  integrity sha512-X/HG9Mzb4Qx/x67tkLK0JdG/fNL7IMP5gTpqOdgRT4m4vQA4ItuZHi4GlvWXfvtP6J0qfKKNimJvBQ5TZCZV1A==

"@tiptap/extension-heading@^2.0.2":
  version "2.0.2"
  resolved "https://registry.npmjs.org/@tiptap/extension-heading/-/extension-heading-2.0.2.tgz"
  integrity sha512-99PL9Rx8mioo13SNuIkhZm1VW6UuUKKG0b7fAimsunaEbbLNtToXIasS68pX8BkgWnsBfDhR0HyhnpIBRg7W0w==

"@tiptap/extension-history@^2.0.2":
  version "2.0.2"
  resolved "https://registry.npmjs.org/@tiptap/extension-history/-/extension-history-2.0.2.tgz"
  integrity sha512-K7u8HCEh9g35DSB4+c7z1wj9ais2cF3STDhyCRjBuLcCTgWVAim5cto4MkSdrXnLuWGgNK0jloWxVlMk3E1HPg==

"@tiptap/extension-horizontal-rule@^2.0.2":
  version "2.0.2"
  resolved "https://registry.npmjs.org/@tiptap/extension-horizontal-rule/-/extension-horizontal-rule-2.0.2.tgz"
  integrity sha512-QUqNnHqRXMZRE6uFRX0UDFn07JDiiNukPRCIL4vyV/YJ6HmQiBjbsS/1hLjAwBuqaN8dtlHLdR4PjMuA6qrUYw==

"@tiptap/extension-italic@^2.0.2":
  version "2.0.2"
  resolved "https://registry.npmjs.org/@tiptap/extension-italic/-/extension-italic-2.0.2.tgz"
  integrity sha512-AK8m4JKvjv2LgTho2GLPW4UI9Z8Oc1tErG9TAeJzud8NFFZ2iOOueAwyGjPLaEQxWaE2p5xlKjbBUWDV5bd6AQ==

"@tiptap/extension-link@^2.0.0-beta.199":
  version "2.0.2"
  resolved "https://registry.npmjs.org/@tiptap/extension-link/-/extension-link-2.0.2.tgz"
  integrity sha512-PzBM09Mmsxj0V5fAa0kxdIZdkNjowQWj4O4nrjEWSbSmF90v0Fyj4R/VjSg4dBf3ExfFNYmsjC3wPiRulnCu5g==
  dependencies:
    linkifyjs "^4.1.0"

"@tiptap/extension-list-item@^2.0.2":
  version "2.0.2"
  resolved "https://registry.npmjs.org/@tiptap/extension-list-item/-/extension-list-item-2.0.2.tgz"
  integrity sha512-q8nz79iB6EvkBucm0OwUg7SX3vDGCRttmf0OrEBsoUCoFt/NhrejUCMDSbysHtYp+EtZcKu4VsPuNHU3C7F1vQ==

"@tiptap/extension-ordered-list@^2.0.2":
  version "2.0.2"
  resolved "https://registry.npmjs.org/@tiptap/extension-ordered-list/-/extension-ordered-list-2.0.2.tgz"
  integrity sha512-fgWIQNDlC2pYNnS9Iqw2UZaNIInfks3mZm0Aj9DQ78LbTYDAcGvHcWaulLkd0CcfD6smTYwi9oBzP3dpPbcPTw==

"@tiptap/extension-paragraph@^2.0.2":
  version "2.0.2"
  resolved "https://registry.npmjs.org/@tiptap/extension-paragraph/-/extension-paragraph-2.0.2.tgz"
  integrity sha512-BuiUV8Wh8DjRrNmmk5sIlVlk0V8P4BT2fCB4H7Ar+QDUPKY1g0djB/5g3F70iZh1Z7CiY1ctoL8VQznvtb0KsQ==

"@tiptap/extension-strike@^2.0.2":
  version "2.0.2"
  resolved "https://registry.npmjs.org/@tiptap/extension-strike/-/extension-strike-2.0.2.tgz"
  integrity sha512-v5goRcfORMkHaA4/mQH80mO0IVFJup1sSrSd4lNUwWN68Qy2ckMVRLRgvbk0JjG2kbamFgJ4LmN/3ceZvUj27A==

"@tiptap/extension-text@^2.0.2":
  version "2.0.2"
  resolved "https://registry.npmjs.org/@tiptap/extension-text/-/extension-text-2.0.2.tgz"
  integrity sha512-kAO+WurWOyHIV/x8qHMF3bSlWrdlPtjEYmf+w8wHKy3FzE55eF6SsGt4FymClNkJmyXdgflXBB3Wv/Z53myy8g==

"@tiptap/pm@^2.0.0", "@tiptap/pm@^2.0.0-beta.218":
  version "2.0.2"
  resolved "https://registry.npmjs.org/@tiptap/pm/-/pm-2.0.2.tgz"
  integrity sha512-vXlI82bZ4XrmVD6m/pO27gqlm+tU57mpjy9WjkJpEUOifQZK8LihR3l5k55Z0RqalV4/E79iU1cp8mw0v13nhA==
  dependencies:
    prosemirror-changeset "^2.2.0"
    prosemirror-collab "^1.3.0"
    prosemirror-commands "^1.3.1"
    prosemirror-dropcursor "^1.5.0"
    prosemirror-gapcursor "^1.3.1"
    prosemirror-history "^1.3.0"
    prosemirror-inputrules "^1.2.0"
    prosemirror-keymap "^1.2.0"
    prosemirror-markdown "^1.10.1"
    prosemirror-menu "^1.2.1"
    prosemirror-model "^1.18.1"
    prosemirror-schema-basic "^1.2.0"
    prosemirror-schema-list "^1.2.2"
    prosemirror-state "^1.4.1"
    prosemirror-tables "^1.3.0"
    prosemirror-trailing-node "^2.0.2"
    prosemirror-transform "^1.7.0"
    prosemirror-view "^1.28.2"

"@tiptap/starter-kit@^2.0.0-beta.218":
  version "2.0.2"
  resolved "https://registry.npmjs.org/@tiptap/starter-kit/-/starter-kit-2.0.2.tgz"
  integrity sha512-s0yE6nEVYnxnHHdLxZ6McMhOAMbZ1czAj9qvmc1Mra0U/p08fg3VTn1gIgy8FA3t0TWUNpuwsO4FcgKlWaQ+eg==
  dependencies:
    "@tiptap/core" "^2.0.2"
    "@tiptap/extension-blockquote" "^2.0.2"
    "@tiptap/extension-bold" "^2.0.2"
    "@tiptap/extension-bullet-list" "^2.0.2"
    "@tiptap/extension-code" "^2.0.2"
    "@tiptap/extension-code-block" "^2.0.2"
    "@tiptap/extension-document" "^2.0.2"
    "@tiptap/extension-dropcursor" "^2.0.2"
    "@tiptap/extension-gapcursor" "^2.0.2"
    "@tiptap/extension-hard-break" "^2.0.2"
    "@tiptap/extension-heading" "^2.0.2"
    "@tiptap/extension-history" "^2.0.2"
    "@tiptap/extension-horizontal-rule" "^2.0.2"
    "@tiptap/extension-italic" "^2.0.2"
    "@tiptap/extension-list-item" "^2.0.2"
    "@tiptap/extension-ordered-list" "^2.0.2"
    "@tiptap/extension-paragraph" "^2.0.2"
    "@tiptap/extension-strike" "^2.0.2"
    "@tiptap/extension-text" "^2.0.2"

"@types/linkify-it@*":
  version "3.0.2"
  resolved "https://registry.npmjs.org/@types/linkify-it/-/linkify-it-3.0.2.tgz"
  integrity sha512-HZQYqbiFVWufzCwexrvh694SOim8z2d+xJl5UNamcvQFejLY/2YUtzXHYi3cHdI7PMlS8ejH2slRAOJQ32aNbA==

"@types/markdown-it@^12.2.3":
  version "12.2.3"
  resolved "https://registry.npmjs.org/@types/markdown-it/-/markdown-it-12.2.3.tgz"
  integrity sha512-GKMHFfv3458yYy+v/N8gjufHO6MSZKCOXpZc5GXIWWy8uldwfmPn98vp81gZ5f9SVw8YYBctgfJ22a2d7AOMeQ==
  dependencies:
    "@types/linkify-it" "*"
    "@types/mdurl" "*"

"@types/mdurl@*":
  version "1.0.2"
  resolved "https://registry.npmjs.org/@types/mdurl/-/mdurl-1.0.2.tgz"
  integrity sha512-eC4U9MlIcu2q0KQmXszyn5Akca/0jrQmwDRgpAMJai7qBWq4amIQhZyNau4VYGtCeALvW1/NtjzJJ567aZxfKA==

"@types/object.omit@^3.0.0":
  version "3.0.0"
  resolved "https://registry.npmjs.org/@types/object.omit/-/object.omit-3.0.0.tgz"
  integrity sha512-I27IoPpH250TUzc9FzXd0P1BV/BMJuzqD3jOz98ehf9dQqGkxlq+hO1bIqZGWqCg5bVOy0g4AUVJtnxe0klDmw==

"@types/object.pick@^1.3.1":
  version "1.3.2"
  resolved "https://registry.npmjs.org/@types/object.pick/-/object.pick-1.3.2.tgz"
  integrity sha512-sn7L+qQ6RLPdXRoiaE7bZ/Ek+o4uICma/lBFPyJEKDTPTBP1W8u0c4baj3EiS4DiqLs+Hk+KUGvMVJtAw3ePJg==

"@types/throttle-debounce@^2.1.0":
  version "2.1.0"
  resolved "https://registry.npmjs.org/@types/throttle-debounce/-/throttle-debounce-2.1.0.tgz"
  integrity sha512-5eQEtSCoESnh2FsiLTxE121IiE60hnMqcb435fShf4bpLRjEu1Eoekht23y6zXS9Ts3l+Szu3TARnTsA0GkOkQ==

"@vue/reactivity@~3.1.1":
  version "3.1.5"
  resolved "https://registry.npmjs.org/@vue/reactivity/-/reactivity-3.1.5.tgz"
  integrity sha512-1tdfLmNjWG6t/CsPldh+foumYFo3cpyCHgBYQ34ylaMsJ+SNHQ1kApMIa8jN+i593zQuaw3AdWH0nJTARzCFhg==
  dependencies:
    "@vue/shared" "3.1.5"

"@vue/shared@3.1.5":
  version "3.1.5"
  resolved "https://registry.npmjs.org/@vue/shared/-/shared-3.1.5.tgz"
  integrity sha512-oJ4F3TnvpXaQwZJNF3ZK+kLPHKarDmJjJ6jyzVNDKH9md1dptjC7lWR//jrGuLdek/U6iltWxqAnYOu8gCiOvA==

alpinejs@^3.10.2:
  version "3.12.0"
  resolved "https://registry.npmjs.org/alpinejs/-/alpinejs-3.12.0.tgz"
  integrity sha512-YENcRBA9dlwR8PsZNFMTHbmdlTNwd1BkCeivPvOzzCKHas6AfwNRsDK9UEFmE5dXTMEZjnnpCTxV8vkdpWiOCw==
  dependencies:
    "@vue/reactivity" "~3.1.1"

argparse@^2.0.1:
  version "2.0.1"
  resolved "https://registry.npmjs.org/argparse/-/argparse-2.0.1.tgz"
  integrity sha512-8+9WqebbFzpX9OR+Wa6O29asIogeRMzcGtAINdpMHHyAg10f05aSFVBbcEqGf/PXw1EjAZ+q2/bEBg3DvurK3Q==

asynckit@^0.4.0:
  version "0.4.0"
  resolved "https://registry.npmjs.org/asynckit/-/asynckit-0.4.0.tgz"
  integrity sha512-Oei9OH4tRh0YqU3GxhX79dM/mwVgvbZJaSNaRk+bshkj0S5cfHcgYakreBjrHwatXKbz+IoIdYLxrKim2MjW0Q==

axios@^0.27.2:
  version "0.27.2"
  resolved "https://registry.npmjs.org/axios/-/axios-0.27.2.tgz"
  integrity sha512-t+yRIyySRTp/wua5xEr+z1q60QmLq8ABsS5O9Me1AsE5dfKqgnCFzwiCZZ/cGNd1lq4/7akDWMxdhVlucjmnOQ==
  dependencies:
    follow-redirects "^1.14.9"
    form-data "^4.0.0"

case-anything@^2.1.10:
  version "2.1.10"
  resolved "https://registry.npmjs.org/case-anything/-/case-anything-2.1.10.tgz"
  integrity sha512-JczJwVrCP0jPKh05McyVsuOg6AYosrB9XWZKbQzXeDAm2ClE/PJE/BcrrQrVyGYH7Jg8V/LDupmyL4kFlVsVFQ==

charenc@0.0.2:
  version "0.0.2"
  resolved "https://registry.npmjs.org/charenc/-/charenc-0.0.2.tgz"
  integrity sha512-yrLQ/yVUFXkzg7EDQsPieE/53+0RlaWTs+wBrvW36cyilJ2SaDWfl4Yj7MtLTXleV9uEKefbAGUPv2/iWSooRA==

combined-stream@^1.0.8:
  version "1.0.8"
  resolved "https://registry.npmjs.org/combined-stream/-/combined-stream-1.0.8.tgz"
  integrity sha512-FQN4MRfuJeHf7cBbBMJFXhKSDq+2kAArBlmRBvcvFE5BB1HZKXtSFASDhdlz9zOYwxh8lDdnvmMOe/+5cdoEdg==
  dependencies:
    delayed-stream "~1.0.0"

commander@7:
  version "7.2.0"
  resolved "https://registry.npmjs.org/commander/-/commander-7.2.0.tgz"
  integrity sha512-QrWXB+ZQSVPmIWIhtEO9H+gwHaMGYiF5ChvoJ+K9ZGHG/sVsa6yiesAD1GC/x46sET00Xlwo1u49RVVVzvcSkw==

crelt@^1.0.0:
  version "1.0.5"
  resolved "https://registry.npmjs.org/crelt/-/crelt-1.0.5.tgz"
  integrity sha512-+BO9wPPi+DWTDcNYhr/W90myha8ptzftZT+LwcmUbbok0rcP/fequmFYCw8NMoH7pkAZQzU78b3kYrlua5a9eA==

crypt@0.0.2:
  version "0.0.2"
  resolved "https://registry.npmjs.org/crypt/-/crypt-0.0.2.tgz"
  integrity sha512-mCxBlsHFYh9C+HVpiEacem8FEBnMXgU9gy4zmNC+SXAZNB/1idgp/aulFJ4FgCi7GPEVbfyng092GqL2k2rmow==

d3-array@^3.2.0, "d3-array@2 - 3", "d3-array@2.10.0 - 3", "d3-array@2.5.0 - 3", d3-array@3:
  version "3.2.3"
  resolved "https://registry.npmjs.org/d3-array/-/d3-array-3.2.3.tgz"
  integrity sha512-JRHwbQQ84XuAESWhvIPaUV4/1UYTBOLiOPGWqgFDHZS1D5QN9c57FbH3QpEnQMYiOXNzKUQyGTZf+EVO7RT5TQ==
  dependencies:
    internmap "1 - 2"

d3-axis@3:
  version "3.0.0"
  resolved "https://registry.npmjs.org/d3-axis/-/d3-axis-3.0.0.tgz"
  integrity sha512-IH5tgjV4jE/GhHkRV0HiVYPDtvfjHQlQfJHs0usq7M30XcSBvOotpmH1IgkcXsO/5gEQZD43B//fc7SRT5S+xw==

d3-brush@3:
  version "3.0.0"
  resolved "https://registry.npmjs.org/d3-brush/-/d3-brush-3.0.0.tgz"
  integrity sha512-ALnjWlVYkXsVIGlOsuWH1+3udkYFI48Ljihfnh8FZPF2QS9o+PzGLBslO0PjzVoHLZ2KCVgAM8NVkXPJB2aNnQ==
  dependencies:
    d3-dispatch "1 - 3"
    d3-drag "2 - 3"
    d3-interpolate "1 - 3"
    d3-selection "3"
    d3-transition "3"

d3-chord@3:
  version "3.0.1"
  resolved "https://registry.npmjs.org/d3-chord/-/d3-chord-3.0.1.tgz"
  integrity sha512-VE5S6TNa+j8msksl7HwjxMHDM2yNK3XCkusIlpX5kwauBfXuyLAtNg9jCp/iHH61tgI4sb6R/EIMWCqEIdjT/g==
  dependencies:
    d3-path "1 - 3"

d3-cloud@^1.2.5:
  version "1.2.5"
  resolved "https://registry.npmjs.org/d3-cloud/-/d3-cloud-1.2.5.tgz"
  integrity sha512-4s2hXZgvs0CoUIw31oBAGrHt9Kt/7P9Ik5HIVzISFiWkD0Ga2VLAuO/emO/z1tYIpE7KG2smB4PhMPfFMJpahw==
  dependencies:
    d3-dispatch "^1.0.3"

"d3-color@1 - 3", d3-color@3:
  version "3.1.0"
  resolved "https://registry.npmjs.org/d3-color/-/d3-color-3.1.0.tgz"
  integrity sha512-zg/chbXyeBtMQ1LbD/WSoW2DpC3I0mpmPdW+ynRTj/x2DAWYrIY7qeZIHidozwV24m4iavr15lNwIwLxRmOxhA==

d3-contour@4:
  version "4.0.2"
  resolved "https://registry.npmjs.org/d3-contour/-/d3-contour-4.0.2.tgz"
  integrity sha512-4EzFTRIikzs47RGmdxbeUvLWtGedDUNkTcmzoeyg4sP/dvCexO47AaQL7VKy/gul85TOxw+IBgA8US2xwbToNA==
  dependencies:
    d3-array "^3.2.0"

d3-delaunay@6:
  version "6.0.4"
  resolved "https://registry.npmjs.org/d3-delaunay/-/d3-delaunay-6.0.4.tgz"
  integrity sha512-mdjtIZ1XLAM8bm/hx3WwjfHt6Sggek7qH043O8KEjDXN40xi3vx/6pYSVTwLjEgiXQTbvaouWKynLBiUZ6SK6A==
  dependencies:
    delaunator "5"

d3-dispatch@^1.0.3, "d3-dispatch@1 - 3":
  version "1.0.6"
  resolved "https://registry.npmjs.org/d3-dispatch/-/d3-dispatch-1.0.6.tgz"
  integrity sha512-fVjoElzjhCEy+Hbn8KygnmMS7Or0a9sI2UzGwoB7cCtvI1XpVN9GpoYlnb3xt2YV66oXYb1fLJ8GMvP4hdU1RA==

d3-dispatch@3:
  version "3.0.1"
  resolved "https://registry.npmjs.org/d3-dispatch/-/d3-dispatch-3.0.1.tgz"
  integrity sha512-rzUyPU/S7rwUflMyLc1ETDeBj0NRuHKKAcvukozwhshr6g6c5d8zh4c2gQjY2bZ0dXeGLWc1PF174P2tVvKhfg==

"d3-drag@2 - 3", d3-drag@3:
  version "3.0.0"
  resolved "https://registry.npmjs.org/d3-drag/-/d3-drag-3.0.0.tgz"
  integrity sha512-pWbUJLdETVA8lQNJecMxoXfH6x+mO2UQo8rSmZ+QqxcbyA3hfeprFgIT//HW2nlHChWeIIMwS2Fq+gEARkhTkg==
  dependencies:
    d3-dispatch "1 - 3"
    d3-selection "3"

"d3-dsv@1 - 3", d3-dsv@3:
  version "3.0.1"
  resolved "https://registry.npmjs.org/d3-dsv/-/d3-dsv-3.0.1.tgz"
  integrity sha512-UG6OvdI5afDIFP9w4G0mNq50dSOsXHJaRE8arAS5o9ApWnIElp8GZw1Dun8vP8OyHOZ/QJUKUJwxiiCCnUwm+Q==
  dependencies:
    commander "7"
    iconv-lite "0.6"
    rw "1"

"d3-ease@1 - 3", d3-ease@3:
  version "3.0.1"
  resolved "https://registry.npmjs.org/d3-ease/-/d3-ease-3.0.1.tgz"
  integrity sha512-wR/XK3D3XcLIZwpbvQwQ5fK+8Ykds1ip7A2Txe0yxncXSdq1L9skcG7blcedkOX+ZcgxGAmLX1FrRGbADwzi0w==

d3-fetch@3:
  version "3.0.1"
  resolved "https://registry.npmjs.org/d3-fetch/-/d3-fetch-3.0.1.tgz"
  integrity sha512-kpkQIM20n3oLVBKGg6oHrUchHM3xODkTzjMoj7aWQFq5QEM+R6E4WkzT5+tojDY7yjez8KgCBRoj4aEr99Fdqw==
  dependencies:
    d3-dsv "1 - 3"

d3-force@3:
  version "3.0.0"
  resolved "https://registry.npmjs.org/d3-force/-/d3-force-3.0.0.tgz"
  integrity sha512-zxV/SsA+U4yte8051P4ECydjD/S+qeYtnaIyAs9tgHCqfguma/aAQDjo85A9Z6EKhBirHRJHXIgJUlffT4wdLg==
  dependencies:
    d3-dispatch "1 - 3"
    d3-quadtree "1 - 3"
    d3-timer "1 - 3"

"d3-format@1 - 3", d3-format@3:
  version "3.1.0"
  resolved "https://registry.npmjs.org/d3-format/-/d3-format-3.1.0.tgz"
  integrity sha512-YyUI6AEuY/Wpt8KWLgZHsIU86atmikuoOmCfommt0LYHiQSPjvX2AcFc38PX0CBpr2RCyZhjex+NS/LPOv6YqA==

d3-geo@3:
  version "3.1.0"
  resolved "https://registry.npmjs.org/d3-geo/-/d3-geo-3.1.0.tgz"
  integrity sha512-JEo5HxXDdDYXCaWdwLRt79y7giK8SbhZJbFWXqbRTolCHFI5jRqteLzCsq51NKbUoX0PjBVSohxrx+NoOUujYA==
  dependencies:
    d3-array "2.5.0 - 3"

d3-hierarchy@3:
  version "3.1.2"
  resolved "https://registry.npmjs.org/d3-hierarchy/-/d3-hierarchy-3.1.2.tgz"
  integrity sha512-FX/9frcub54beBdugHjDCdikxThEqjnR93Qt7PvQTOHxyiNCAlvMrHhclk3cD5VeAaq9fxmfRp+CnWw9rEMBuA==

"d3-interpolate@1 - 3", "d3-interpolate@1.2.0 - 3", d3-interpolate@3:
  version "3.0.1"
  resolved "https://registry.npmjs.org/d3-interpolate/-/d3-interpolate-3.0.1.tgz"
  integrity sha512-3bYs1rOD33uo8aqJfKP3JWPAibgw8Zm2+L9vBKEHJ2Rg+viTR7o5Mmv5mZcieN+FRYaAOWX5SJATX6k1PWz72g==
  dependencies:
    d3-color "1 - 3"

d3-path@^3.1.0, "d3-path@1 - 3", d3-path@3:
  version "3.1.0"
  resolved "https://registry.npmjs.org/d3-path/-/d3-path-3.1.0.tgz"
  integrity sha512-p3KP5HCf/bvjBSSKuXid6Zqijx7wIfNW+J/maPs+iwR35at5JCbLUT0LzF1cnjbCHWhqzQTIN2Jpe8pRebIEFQ==

d3-polygon@3:
  version "3.0.1"
  resolved "https://registry.npmjs.org/d3-polygon/-/d3-polygon-3.0.1.tgz"
  integrity sha512-3vbA7vXYwfe1SYhED++fPUQlWSYTTGmFmQiany/gdbiWgU/iEyQzyymwL9SkJjFFuCS4902BSzewVGsHHmHtXg==

"d3-quadtree@1 - 3", d3-quadtree@3:
  version "3.0.1"
  resolved "https://registry.npmjs.org/d3-quadtree/-/d3-quadtree-3.0.1.tgz"
  integrity sha512-04xDrxQTDTCFwP5H6hRhsRcb9xxv2RzkcsygFzmkSIOJy3PeRJP7sNk3VRIbKXcog561P9oU0/rVH6vDROAgUw==

d3-random@3:
  version "3.0.1"
  resolved "https://registry.npmjs.org/d3-random/-/d3-random-3.0.1.tgz"
  integrity sha512-FXMe9GfxTxqd5D6jFsQ+DJ8BJS4E/fT5mqqdjovykEB2oFbTMDVdg1MGFxfQW+FBOGoB++k8swBrgwSHT1cUXQ==

d3-scale-chromatic@3:
  version "3.0.0"
  resolved "https://registry.npmjs.org/d3-scale-chromatic/-/d3-scale-chromatic-3.0.0.tgz"
  integrity sha512-Lx9thtxAKrO2Pq6OO2Ua474opeziKr279P/TKZsMAhYyNDD3EnCffdbgeSYN5O7m2ByQsxtuP2CSDczNUIZ22g==
  dependencies:
    d3-color "1 - 3"
    d3-interpolate "1 - 3"

d3-scale@4:
  version "4.0.2"
  resolved "https://registry.npmjs.org/d3-scale/-/d3-scale-4.0.2.tgz"
  integrity sha512-GZW464g1SH7ag3Y7hXjf8RoUuAFIqklOAq3MRl4OaWabTFJY9PN/E1YklhXLh+OQ3fM9yS2nOkCoS+WLZ6kvxQ==
  dependencies:
    d3-array "2.10.0 - 3"
    d3-format "1 - 3"
    d3-interpolate "1.2.0 - 3"
    d3-time "2.1.1 - 3"
    d3-time-format "2 - 4"

"d3-selection@2 - 3", d3-selection@3:
  version "3.0.0"
  resolved "https://registry.npmjs.org/d3-selection/-/d3-selection-3.0.0.tgz"
  integrity sha512-fmTRWbNMmsmWq6xJV8D19U/gw/bwrHfNXxrIN+HfZgnzqTHp9jOmKMhsTUjXOJnZOdZY9Q28y4yebKzqDKlxlQ==

d3-shape@3:
  version "3.2.0"
  resolved "https://registry.npmjs.org/d3-shape/-/d3-shape-3.2.0.tgz"
  integrity sha512-SaLBuwGm3MOViRq2ABk3eLoxwZELpH6zhl3FbAoJ7Vm1gofKx6El1Ib5z23NUEhF9AsGl7y+dzLe5Cw2AArGTA==
  dependencies:
    d3-path "^3.1.0"

"d3-time-format@2 - 4", d3-time-format@4:
  version "4.1.0"
  resolved "https://registry.npmjs.org/d3-time-format/-/d3-time-format-4.1.0.tgz"
  integrity sha512-dJxPBlzC7NugB2PDLwo9Q8JiTR3M3e4/XANkreKSUxF8vvXKqm1Yfq4Q5dl8budlunRVlUUaDUgFt7eA8D6NLg==
  dependencies:
    d3-time "1 - 3"

"d3-time@1 - 3", "d3-time@2.1.1 - 3", d3-time@3:
  version "3.1.0"
  resolved "https://registry.npmjs.org/d3-time/-/d3-time-3.1.0.tgz"
  integrity sha512-VqKjzBLejbSMT4IgbmVgDjpkYrNWUYJnbCGo874u7MMKIWsILRX+OpX/gTk8MqjpT1A/c6HY2dCA77ZN0lkQ2Q==
  dependencies:
    d3-array "2 - 3"

"d3-timer@1 - 3", d3-timer@3:
  version "3.0.1"
  resolved "https://registry.npmjs.org/d3-timer/-/d3-timer-3.0.1.tgz"
  integrity sha512-ndfJ/JxxMd3nw31uyKoY2naivF+r29V+Lc0svZxe1JvvIRmi8hUsrMvdOwgS1o6uBHmiz91geQ0ylPP0aj1VUA==

"d3-transition@2 - 3", d3-transition@3:
  version "3.0.1"
  resolved "https://registry.npmjs.org/d3-transition/-/d3-transition-3.0.1.tgz"
  integrity sha512-ApKvfjsSR6tg06xrL434C0WydLr7JewBB3V+/39RMHsaXTOG0zmt/OAXeng5M5LBm0ojmxJrpomQVZ1aPvBL4w==
  dependencies:
    d3-color "1 - 3"
    d3-dispatch "1 - 3"
    d3-ease "1 - 3"
    d3-interpolate "1 - 3"
    d3-timer "1 - 3"

d3-zoom@3:
  version "3.0.0"
  resolved "https://registry.npmjs.org/d3-zoom/-/d3-zoom-3.0.0.tgz"
  integrity sha512-b8AmV3kfQaqWAuacbPuNbL6vahnOJflOhexLzMMNLga62+/nh0JzvJ0aO/5a5MVgUFGS7Hu1P9P03o3fJkDCyw==
  dependencies:
    d3-dispatch "1 - 3"
    d3-drag "2 - 3"
    d3-interpolate "1 - 3"
    d3-selection "2 - 3"
    d3-transition "2 - 3"

d3@^7.8.4:
  version "7.8.4"
  resolved "https://registry.npmjs.org/d3/-/d3-7.8.4.tgz"
  integrity sha512-q2WHStdhiBtD8DMmhDPyJmXUxr6VWRngKyiJ5EfXMxPw+tqT6BhNjhJZ4w3BHsNm3QoVfZLY8Orq/qPFczwKRA==
  dependencies:
    d3-array "3"
    d3-axis "3"
    d3-brush "3"
    d3-chord "3"
    d3-color "3"
    d3-contour "4"
    d3-delaunay "6"
    d3-dispatch "3"
    d3-drag "3"
    d3-dsv "3"
    d3-ease "3"
    d3-fetch "3"
    d3-force "3"
    d3-format "3"
    d3-geo "3"
    d3-hierarchy "3"
    d3-interpolate "3"
    d3-path "3"
    d3-polygon "3"
    d3-quadtree "3"
    d3-random "3"
    d3-scale "4"
    d3-scale-chromatic "3"
    d3-selection "3"
    d3-shape "3"
    d3-time "3"
    d3-time-format "4"
    d3-timer "3"
    d3-transition "3"
    d3-zoom "3"

dash-get@^1.0.2:
  version "1.0.2"
  resolved "https://registry.npmjs.org/dash-get/-/dash-get-1.0.2.tgz"
  integrity sha512-4FbVrHDwfOASx7uQVxeiCTo7ggSdYZbqs8lH+WU6ViypPlDbe9y6IP5VVUDQBv9DcnyaiPT5XT0UWHgJ64zLeQ==

deepmerge@^4.2.2:
  version "4.3.1"
  resolved "https://registry.npmjs.org/deepmerge/-/deepmerge-4.3.1.tgz"
  integrity sha512-3sUqbMEc77XqpdNO7FRyRog+eW3ph+GYCbj+rK+uYyRMuwsVy0rMiVtPn+QJlKFvWP/1PYpapqYn0Me2knFn+A==

delaunator@5:
  version "5.0.0"
  resolved "https://registry.npmjs.org/delaunator/-/delaunator-5.0.0.tgz"
  integrity sha512-AyLvtyJdbv/U1GkiS6gUUzclRoAY4Gs75qkMygJJhU75LW4DNuSF2RMzpxs9jw9Oz1BobHjTdkG3zdP55VxAqw==
  dependencies:
    robust-predicates "^3.0.0"

delayed-stream@~1.0.0:
  version "1.0.0"
  resolved "https://registry.npmjs.org/delayed-stream/-/delayed-stream-1.0.0.tgz"
  integrity sha512-ZySD7Nf91aLB0RxL4KGrKHBXl7Eds1DAmEdcoVawXnLD7SDhpNgtuII2aAkg7a7QS41jxPSZ17p4VdGnMHk3MQ==

entities@~2.1.0:
  version "2.1.0"
  resolved "https://registry.npmjs.org/entities/-/entities-2.1.0.tgz"
  integrity sha512-hCx1oky9PFrJ611mf0ifBLBRW8lUUVRlFolb5gWRfIELabBlbp9xZvrqZLZAs+NxFnbfQoeGd8wDkygjg7U85w==

entities@~3.0.1:
  version "3.0.1"
  resolved "https://registry.npmjs.org/entities/-/entities-3.0.1.tgz"
  integrity sha512-WiyBqoomrwMdFG1e0kqvASYfnlb0lp8M5o5Fw2OFq1hNZxxcNk8Ik0Xm7LxzBhuidnZB/UtBqVCgUz3kBOP51Q==

esbuild@^0.17.5:
  version "0.17.15"
  resolved "https://registry.npmjs.org/esbuild/-/esbuild-0.17.15.tgz"
  integrity sha512-LBUV2VsUIc/iD9ME75qhT4aJj0r75abCVS0jakhFzOtR7TQsqQA5w0tZ+KTKnwl3kXE0MhskNdHDh/I5aCR1Zw==
  optionalDependencies:
    "@esbuild/android-arm" "0.17.15"
    "@esbuild/android-arm64" "0.17.15"
    "@esbuild/android-x64" "0.17.15"
    "@esbuild/darwin-arm64" "0.17.15"
    "@esbuild/darwin-x64" "0.17.15"
    "@esbuild/freebsd-arm64" "0.17.15"
    "@esbuild/freebsd-x64" "0.17.15"
    "@esbuild/linux-arm" "0.17.15"
    "@esbuild/linux-arm64" "0.17.15"
    "@esbuild/linux-ia32" "0.17.15"
    "@esbuild/linux-loong64" "0.17.15"
    "@esbuild/linux-mips64el" "0.17.15"
    "@esbuild/linux-ppc64" "0.17.15"
    "@esbuild/linux-riscv64" "0.17.15"
    "@esbuild/linux-s390x" "0.17.15"
    "@esbuild/linux-x64" "0.17.15"
    "@esbuild/netbsd-x64" "0.17.15"
    "@esbuild/openbsd-x64" "0.17.15"
    "@esbuild/sunos-x64" "0.17.15"
    "@esbuild/win32-arm64" "0.17.15"
    "@esbuild/win32-ia32" "0.17.15"
    "@esbuild/win32-x64" "0.17.15"

escape-string-regexp@^4.0.0:
  version "4.0.0"
  resolved "https://registry.npmjs.org/escape-string-regexp/-/escape-string-regexp-4.0.0.tgz"
  integrity sha512-TtpcNJ3XAzx3Gq8sWRzJaVajRs0uVxA2YAkdb1jm2YkPz4G6egUFAyA3n5vtEIZefPk5Wa4UXbKuS5fKkJWdgA==

fast-deep-equal@^3.1.3:
  version "3.1.3"
  resolved "https://registry.npmjs.org/fast-deep-equal/-/fast-deep-equal-3.1.3.tgz"
  integrity sha512-f3qQ9oQy9j2AhBe/H9VC91wLmKBCCU/gDOnKNAYG5hswO7BLKj09Hc5HYNz9cGI++xlpDCIgDaitVs03ATR84Q==

follow-redirects@^1.14.9:
  version "1.15.2"
  resolved "https://registry.npmjs.org/follow-redirects/-/follow-redirects-1.15.2.tgz"
  integrity sha512-VQLG33o04KaQ8uYi2tVNbdrWp1QWxNNea+nmIB4EVM28v0hmP17z7aG1+wAkNzVq4KeXTq3221ye5qTJP91JwA==

form-data@^4.0.0:
  version "4.0.0"
  resolved "https://registry.npmjs.org/form-data/-/form-data-4.0.0.tgz"
  integrity sha512-ETEklSGi5t0QMZuiXoA/Q6vcnxcLQP5vdugSpuAyi6SVGi2clPPp+xgEhuMaHC+zGgn31Kd235W35f7Hykkaww==
  dependencies:
    asynckit "^0.4.0"
    combined-stream "^1.0.8"
    mime-types "^2.1.12"

fsevents@~2.3.2:
  version "2.3.2"
  resolved "https://registry.npmjs.org/fsevents/-/fsevents-2.3.2.tgz"
  integrity sha512-xiqMQR4xAeHTuB9uWm+fFRcIOgKBMiOBP+eXiyT7jsgVCq1bkVygt00oASowB7EdtpOHaaPgKt812P9ab+DDKA==

function-bind@^1.1.1:
  version "1.1.1"
  resolved "https://registry.npmjs.org/function-bind/-/function-bind-1.1.1.tgz"
  integrity sha512-yIovAzMX49sF8Yl58fSCWJ5svSLuaibPxXQJFLmBObTuCr0Mf1KiPopGM9NiFjiYBCbfaa2Fh6breQ6ANVTI0A==

has@^1.0.3:
  version "1.0.3"
  resolved "https://registry.npmjs.org/has/-/has-1.0.3.tgz"
  integrity sha512-f2dvO0VU6Oej7RkWJGrehjbzMAjFp5/VKPp5tTpWIV4JHHZK1/BxbFRtf/siA2SWTe09caDmVtYYzWEIbBS4zw==
  dependencies:
    function-bind "^1.1.1"

iconv-lite@0.6:
  version "0.6.3"
  resolved "https://registry.npmjs.org/iconv-lite/-/iconv-lite-0.6.3.tgz"
  integrity sha512-4fCk79wshMdzMp2rH06qWrJE4iolqLhCUH+OiuIgU++RB0+94NlDL81atO7GX55uUKueo0txHNtvEyI6D7WdMw==
  dependencies:
    safer-buffer ">= 2.1.2 < 3.0.0"

"internmap@1 - 2":
  version "2.0.3"
  resolved "https://registry.npmjs.org/internmap/-/internmap-2.0.3.tgz"
  integrity sha512-5Hh7Y1wQbvY5ooGgPbDaL5iYLAPzMTUrjMulskHLH6wnv/A+1q5rgEaiuqEjB+oxGXIVZs1FF+R/KPN3ZSQYYg==

intro.js@^7.0.1:
  version "7.0.1"
  resolved "https://registry.npmjs.org/intro.js/-/intro.js-7.0.1.tgz"
  integrity sha512-1oqz6aOz9cGQ3CrtVYhCSo6AkjnXUn302kcIWLaZ3TI4kKssRXDwDSz4VRoGcfC1jN+WfaSJXRBrITz+QVEBzg==

is-buffer@~1.1.6:
  version "1.1.6"
  resolved "https://registry.npmjs.org/is-buffer/-/is-buffer-1.1.6.tgz"
  integrity sha512-NcdALwpXkTm5Zvvbk7owOUSvVvBKDgKP5/ewfXEznmQFfs4ZRmanOeKBTjRVjka3QFoN6XJ+9F3USqfHqTaU5w==

is-core-module@^2.9.0:
  version "2.11.0"
  resolved "https://registry.npmjs.org/is-core-module/-/is-core-module-2.11.0.tgz"
  integrity sha512-RRjxlvLDkD1YJwDbroBHMb+cukurkDWNyHx7D3oNB5x9rb5ogcksMC5wHCadcXoo67gVr/+3GFySh3134zi6rw==
  dependencies:
    has "^1.0.3"

is-extendable@^1.0.0:
  version "1.0.1"
  resolved "https://registry.npmjs.org/is-extendable/-/is-extendable-1.0.1.tgz"
  integrity sha512-arnXMxT1hhoKo9k1LZdmlNyJdDDfy2v0fXjFlmok4+i8ul/6WlbVge9bhM74OpNPQPMGUToDtz+KXa1PneJxOA==
  dependencies:
    is-plain-object "^2.0.4"

is-plain-object@^2.0.4:
  version "2.0.4"
  resolved "https://registry.npmjs.org/is-plain-object/-/is-plain-object-2.0.4.tgz"
  integrity sha512-h5PpgXkWitc38BBMYawTYMWJHFZJVnBquFE57xFpjB8pJFiF6gZ+bU+WyI/yqXiFR5mdLsgYNaPe8uao6Uv9Og==
  dependencies:
    isobject "^3.0.1"

isobject@^3.0.1:
  version "3.0.1"
  resolved "https://registry.npmjs.org/isobject/-/isobject-3.0.1.tgz"
  integrity sha512-WhB9zCku7EGTj/HQQRz5aUQEUeoQZH2bWcltRErOpymJ4boYE6wL9Tbr23krRPSZ+C5zqNSrSw+Cc7sZZ4b7vg==

js-cookie@^3.0.1:
  version "3.0.1"
  resolved "https://registry.npmjs.org/js-cookie/-/js-cookie-3.0.1.tgz"
  integrity sha512-+0rgsUXZu4ncpPxRL+lNEptWMOWl9etvPHc/koSRp6MPwpRYAhmk0dUG00J4bxVV3r9uUzfo24wW0knS07SKSw==

leaflet-control-geocoder@^2.4.0:
  version "2.4.0"
  resolved "https://registry.npmjs.org/leaflet-control-geocoder/-/leaflet-control-geocoder-2.4.0.tgz"
  integrity sha512-b2QlxuFd40uIDbnoUI3U9fzfnB4yKUYlmsXjquJ2d2YjoJqnyVYcIJeErAVv3kPvX3nI0gzvBq1XHMgSVFrGkQ==
  optionalDependencies:
    open-location-code "^1.0.0"

leaflet-providers@^1.13.0:
  version "1.13.0"
  resolved "https://registry.npmjs.org/leaflet-providers/-/leaflet-providers-1.13.0.tgz"
  integrity sha512-f/sN5wdgBbVA2jcCYzScIfYNxKdn2wBJP9bu+5cRX9Xj6g8Bt1G9Sr8WgJAt/ckIFIc3LVVxCBNFpSCfTuUElg==

leaflet@^1.6.0, leaflet@^1.9.1:
  version "1.9.3"
  resolved "https://registry.npmjs.org/leaflet/-/leaflet-1.9.3.tgz"
  integrity sha512-iB2cR9vAkDOu5l3HAay2obcUHZ7xwUBBjph8+PGtmW/2lYhbLizWtG7nTeYht36WfOslixQF9D/uSIzhZgGMfQ==

linkify-it@^3.0.1:
  version "3.0.3"
  resolved "https://registry.npmjs.org/linkify-it/-/linkify-it-3.0.3.tgz"
  integrity sha512-ynTsyrFSdE5oZ/O9GEf00kPngmOfVwazR5GKDq6EYfhlpFug3J2zybX56a2PRRpc9P+FuSoGNAwjlbDs9jJBPQ==
  dependencies:
    uc.micro "^1.0.1"

linkify-it@^4.0.1:
  version "4.0.1"
  resolved "https://registry.npmjs.org/linkify-it/-/linkify-it-4.0.1.tgz"
  integrity sha512-C7bfi1UZmoj8+PQx22XyeXCuBlokoyWQL5pWSP+EI6nzRylyThouddufc2c1NDIcP9k5agmN9fLpA7VNJfIiqw==
  dependencies:
    uc.micro "^1.0.1"

linkifyjs@^4.1.0:
  version "4.1.1"
  resolved "https://registry.npmjs.org/linkifyjs/-/linkifyjs-4.1.1.tgz"
  integrity sha512-zFN/CTVmbcVef+WaDXT63dNzzkfRBKT1j464NJQkV7iSgJU0sLBus9W0HBwnXK13/hf168pbrx/V/bjEHOXNHA==

list.js@^2.3.1:
  version "2.3.1"
  resolved "https://registry.npmjs.org/list.js/-/list.js-2.3.1.tgz"
  integrity sha512-jnmm7DYpKtH3DxtO1E2VNCC9Gp7Wrp/FWA2JxQrZUhVJ2RCQBd57pCN6W5w6jpsfWZV0PCAbTX2NOPgyFeeZZg==
  dependencies:
    string-natural-compare "^2.0.2"

make-error@^1.3.6:
  version "1.3.6"
  resolved "https://registry.npmjs.org/make-error/-/make-error-1.3.6.tgz"
  integrity sha512-s8UhlNe7vPKomQhC1qFelMokr/Sc3AgNbso3n74mVPA5LTZwkB9NlXf4XPamLxJE8h0gh73rM94xvwRT2CVInw==

markdown-it-task-lists@^2.1.1:
  version "2.1.1"
  resolved "https://registry.npmjs.org/markdown-it-task-lists/-/markdown-it-task-lists-2.1.1.tgz"
  integrity sha512-TxFAc76Jnhb2OUu+n3yz9RMu4CwGfaT788br6HhEDlvWfdeJcLUsxk1Hgw2yJio0OXsxv7pyIPmvECY7bMbluA==

markdown-it@^12.0.6:
  version "12.3.2"
  resolved "https://registry.npmjs.org/markdown-it/-/markdown-it-12.3.2.tgz"
  integrity sha512-TchMembfxfNVpHkbtriWltGWc+m3xszaRD0CZup7GFFhzIgQqxIfn3eGj1yZpfuflzPvfkt611B2Q/Bsk1YnGg==
  dependencies:
    argparse "^2.0.1"
    entities "~2.1.0"
    linkify-it "^3.0.1"
    mdurl "^1.0.1"
    uc.micro "^1.0.5"

markdown-it@^13.0.1:
  version "13.0.1"
  resolved "https://registry.npmjs.org/markdown-it/-/markdown-it-13.0.1.tgz"
  integrity sha512-lTlxriVoy2criHP0JKRhO2VDG9c2ypWCsT237eDiLqi09rmbKoUetyGHq2uOIRoRS//kfoJckS0eUzzkDR+k2Q==
  dependencies:
    argparse "^2.0.1"
    entities "~3.0.1"
    linkify-it "^4.0.1"
    mdurl "^1.0.1"
    uc.micro "^1.0.5"

marked@^4.2.5:
  version "4.3.0"
  resolved "https://registry.npmjs.org/marked/-/marked-4.3.0.tgz"
  integrity sha512-PRsaiG84bK+AMvxziE/lCFss8juXjNaWzVbN5tXAm4XjeaS9NAHhop+PjQxz2A9h8Q4M/xGmzP8vqNwy6JeK0A==

md5@^2.3.0:
  version "2.3.0"
  resolved "https://registry.npmjs.org/md5/-/md5-2.3.0.tgz"
  integrity sha512-T1GITYmFaKuO91vxyoQMFETst+O71VUPEU3ze5GNzDm0OWdP8v1ziTaAEPUr/3kLsY3Sftgz242A1SetQiDL7g==
  dependencies:
    charenc "0.0.2"
    crypt "0.0.2"
    is-buffer "~1.1.6"

mdurl@^1.0.1:
  version "1.0.1"
  resolved "https://registry.npmjs.org/mdurl/-/mdurl-1.0.1.tgz"
  integrity sha512-/sKlQJCBYVY9Ers9hqzKou4H6V5UWc/M59TH2dvkt+84itfnq7uFOMLpOiOS4ujvHP4etln18fmIxA5R5fll0g==

mime-db@1.52.0:
  version "1.52.0"
  resolved "https://registry.npmjs.org/mime-db/-/mime-db-1.52.0.tgz"
  integrity sha512-sPU4uV7dYlvtWJxwwxHD0PuihVNiE7TyAbQ5SWxDCB9mUYvOgroQOwYQQOKPJ8CIbE+1ETVlOoK1UC2nU3gYvg==

mime-types@^2.1.12:
  version "2.1.35"
  resolved "https://registry.npmjs.org/mime-types/-/mime-types-2.1.35.tgz"
  integrity sha512-ZDY+bPm5zTTF+YpCrAU9nK0UgICYPT0QtT1NZWFv4s++TNkcgVaT0g6+4R2uI4MjQjzysHB1zxuWL50hzaeXiw==
  dependencies:
    mime-db "1.52.0"

nanoid@^3.3.4:
  version "3.3.6"
  resolved "https://registry.npmjs.org/nanoid/-/nanoid-3.3.6.tgz"
  integrity sha512-BGcqMMJuToF7i1rt+2PWSNVnWIkGCU78jBG3RxO/bZlnZPK2Cmi2QaffxGO/2RvWi9sL+FAiRiXMgsyxQ1DIDA==

object.omit@^3.0.0:
  version "3.0.0"
  resolved "https://registry.npmjs.org/object.omit/-/object.omit-3.0.0.tgz"
  integrity sha512-EO+BCv6LJfu+gBIF3ggLicFebFLN5zqzz/WWJlMFfkMyGth+oBkhxzDl0wx2W4GkLzuQs/FsSkXZb2IMWQqmBQ==
  dependencies:
    is-extendable "^1.0.0"

object.pick@^1.3.0:
  version "1.3.0"
  resolved "https://registry.npmjs.org/object.pick/-/object.pick-1.3.0.tgz"
  integrity sha512-tqa/UMy/CCoYmj+H5qc07qvSL9dqcs/WZENZ1JbtWBlATP+iVOe778gE6MSijnyCnORzDuX6hU+LA4SZ09YjFQ==
  dependencies:
    isobject "^3.0.1"

open-location-code@^1.0.0:
  version "1.0.3"
  resolved "https://registry.npmjs.org/open-location-code/-/open-location-code-1.0.3.tgz"
  integrity sha512-DBm14BSn40Ee241n80zIFXIT6+y8Tb0I+jTdosLJ8Sidvr2qONvymwqymVbHV2nS+1gkDZ5eTNpnOIVV0Kn2fw==

orderedmap@^2.0.0:
  version "2.1.0"
  resolved "https://registry.npmjs.org/orderedmap/-/orderedmap-2.1.0.tgz"
  integrity sha512-/pIFexOm6S70EPdznemIz3BQZoJ4VTFrhqzu0ACBqBgeLsLxq8e6Jim63ImIfwW/zAD1AlXpRMlOv3aghmo4dA==

path-parse@^1.0.7:
  version "1.0.7"
  resolved "https://registry.npmjs.org/path-parse/-/path-parse-1.0.7.tgz"
  integrity sha512-LDJzPVEEEPR+y48z93A0Ed0yXb8pAByGWo/k5YYdYgpY2/2EsOsksJrq7lOHxryrVOn1ejG6oAp8ahvOIQD8sw==

picocolors@^1.0.0:
  version "1.0.0"
  resolved "https://registry.npmjs.org/picocolors/-/picocolors-1.0.0.tgz"
  integrity sha512-1fygroTLlHu66zi26VoTDv8yRgm0Fccecssto+MhsZ0D/DGW2sm8E8AjW7NU5VVTRt5GxbeZ5qBuJr+HyLYkjQ==

postcss@^8.4.21:
  version "8.4.21"
  resolved "https://registry.npmjs.org/postcss/-/postcss-8.4.21.tgz"
  integrity sha512-tP7u/Sn/dVxK2NnruI4H9BG+x+Wxz6oeZ1cJ8P6G/PZY0IKk4k/63TDsQf2kQq3+qoJeLm2kIBUNlZe3zgb4Zg==
  dependencies:
    nanoid "^3.3.4"
    picocolors "^1.0.0"
    source-map-js "^1.0.2"

prosemirror-changeset@^2.2.0:
  version "2.2.0"
  resolved "https://registry.npmjs.org/prosemirror-changeset/-/prosemirror-changeset-2.2.0.tgz"
  integrity sha512-QM7ohGtkpVpwVGmFb8wqVhaz9+6IUXcIQBGZ81YNAKYuHiFJ1ShvSzab4pKqTinJhwciZbrtBEk/2WsqSt2PYg==
  dependencies:
    prosemirror-transform "^1.0.0"

prosemirror-collab@^1.3.0:
  version "1.3.0"
  resolved "https://registry.npmjs.org/prosemirror-collab/-/prosemirror-collab-1.3.0.tgz"
  integrity sha512-+S/IJ69G2cUu2IM5b3PBekuxs94HO1CxJIWOFrLQXUaUDKL/JfBx+QcH31ldBlBXyDEUl+k3Vltfi1E1MKp2mA==
  dependencies:
    prosemirror-state "^1.0.0"

prosemirror-commands@^1.0.0, prosemirror-commands@^1.3.1:
  version "1.5.1"
  resolved "https://registry.npmjs.org/prosemirror-commands/-/prosemirror-commands-1.5.1.tgz"
  integrity sha512-ga1ga/RkbzxfAvb6iEXYmrEpekn5NCwTb8w1dr/gmhSoaGcQ0VPuCzOn5qDEpC45ql2oDkKoKQbRxLJwKLpMTQ==
  dependencies:
    prosemirror-model "^1.0.0"
    prosemirror-state "^1.0.0"
    prosemirror-transform "^1.0.0"

prosemirror-dropcursor@^1.5.0:
  version "1.8.0"
  resolved "https://registry.npmjs.org/prosemirror-dropcursor/-/prosemirror-dropcursor-1.8.0.tgz"
  integrity sha512-TZMitR8nlp9Xh42pDYGcWopCoFPmJduoyGJ7FjYM2/7gZKnfD41TIaZN5Q1cQjm6Fm/P5vk/DpVYFhS8kDdigw==
  dependencies:
    prosemirror-state "^1.0.0"
    prosemirror-transform "^1.1.0"
    prosemirror-view "^1.1.0"

prosemirror-gapcursor@^1.3.1:
  version "1.3.1"
  resolved "https://registry.npmjs.org/prosemirror-gapcursor/-/prosemirror-gapcursor-1.3.1.tgz"
  integrity sha512-GKTeE7ZoMsx5uVfc51/ouwMFPq0o8YrZ7Hx4jTF4EeGbXxBveUV8CGv46mSHuBBeXGmvu50guoV2kSnOeZZnUA==
  dependencies:
    prosemirror-keymap "^1.0.0"
    prosemirror-model "^1.0.0"
    prosemirror-state "^1.0.0"
    prosemirror-view "^1.0.0"

prosemirror-history@^1.0.0, prosemirror-history@^1.3.0:
  version "1.3.0"
  resolved "https://registry.npmjs.org/prosemirror-history/-/prosemirror-history-1.3.0.tgz"
  integrity sha512-qo/9Wn4B/Bq89/YD+eNWFbAytu6dmIM85EhID+fz9Jcl9+DfGEo8TTSrRhP15+fFEoaPqpHSxlvSzSEbmlxlUA==
  dependencies:
    prosemirror-state "^1.2.2"
    prosemirror-transform "^1.0.0"
    rope-sequence "^1.3.0"

prosemirror-inputrules@^1.2.0:
  version "1.2.0"
  resolved "https://registry.npmjs.org/prosemirror-inputrules/-/prosemirror-inputrules-1.2.0.tgz"
  integrity sha512-eAW/M/NTSSzpCOxfR8Abw6OagdG0MiDAiWHQMQveIsZtoKVYzm0AflSPq/ymqJd56/Su1YPbwy9lM13wgHOFmQ==
  dependencies:
    prosemirror-state "^1.0.0"
    prosemirror-transform "^1.0.0"

prosemirror-keymap@^1.0.0, prosemirror-keymap@^1.1.2, prosemirror-keymap@^1.2.0:
  version "1.2.1"
  resolved "https://registry.npmjs.org/prosemirror-keymap/-/prosemirror-keymap-1.2.1.tgz"
  integrity sha512-kVK6WGC+83LZwuSJnuCb9PsADQnFZllt94qPP3Rx/vLcOUV65+IbBeH2nS5cFggPyEVJhGkGrgYFRrG250WhHQ==
  dependencies:
    prosemirror-state "^1.0.0"
    w3c-keyname "^2.2.0"

prosemirror-markdown@^1.10.1, prosemirror-markdown@^1.9.3:
  version "1.10.1"
  resolved "https://registry.npmjs.org/prosemirror-markdown/-/prosemirror-markdown-1.10.1.tgz"
  integrity sha512-s7iaTLiX+qO5z8kF2NcMmy2T7mIlxzkS4Sp3vTKSYChPtbMpg6YxFkU0Y06rUg2WtKlvBu7v1bXzlGBkfjUWAA==
  dependencies:
    markdown-it "^13.0.1"
    prosemirror-model "^1.0.0"

prosemirror-menu@^1.2.1:
  version "1.2.1"
  resolved "https://registry.npmjs.org/prosemirror-menu/-/prosemirror-menu-1.2.1.tgz"
  integrity sha512-sBirXxVfHalZO4f1ZS63WzewINK4182+7dOmoMeBkqYO8wqMBvBS7wQuwVOHnkMWPEh0+N0LJ856KYUN+vFkmQ==
  dependencies:
    crelt "^1.0.0"
    prosemirror-commands "^1.0.0"
    prosemirror-history "^1.0.0"
    prosemirror-state "^1.0.0"

prosemirror-model@^1, prosemirror-model@^1.0.0, prosemirror-model@^1.14.1, prosemirror-model@^1.16.0, prosemirror-model@^1.18.1, prosemirror-model@^1.19.0, prosemirror-model@^1.8.1:
  version "1.19.0"
  resolved "https://registry.npmjs.org/prosemirror-model/-/prosemirror-model-1.19.0.tgz"
  integrity sha512-/CvFGJnwc41EJSfDkQLly1cAJJJmBpZwwUJtwZPTjY2RqZJfM8HVbCreOY/jti8wTRbVyjagcylyGoeJH/g/3w==
  dependencies:
    orderedmap "^2.0.0"

prosemirror-schema-basic@^1.2.0:
  version "1.2.1"
  resolved "https://registry.npmjs.org/prosemirror-schema-basic/-/prosemirror-schema-basic-1.2.1.tgz"
  integrity sha512-vYBdIHsYKSDIqYmPBC7lnwk9DsKn8PnVqK97pMYP5MLEDFqWIX75JiaJTzndBii4bRuNqhC2UfDOfM3FKhlBHg==
  dependencies:
    prosemirror-model "^1.19.0"

prosemirror-schema-list@^1.2.2:
  version "1.2.2"
  resolved "https://registry.npmjs.org/prosemirror-schema-list/-/prosemirror-schema-list-1.2.2.tgz"
  integrity sha512-rd0pqSDp86p0MUMKG903g3I9VmElFkQpkZ2iOd3EOVg1vo5Cst51rAsoE+5IPy0LPXq64eGcCYlW1+JPNxOj2w==
  dependencies:
    prosemirror-model "^1.0.0"
    prosemirror-state "^1.0.0"
    prosemirror-transform "^1.0.0"

prosemirror-state@^1, prosemirror-state@^1.0.0, prosemirror-state@^1.2.2, prosemirror-state@^1.3.1, prosemirror-state@^1.4.1:
  version "1.4.2"
  resolved "https://registry.npmjs.org/prosemirror-state/-/prosemirror-state-1.4.2.tgz"
  integrity sha512-puuzLD2mz/oTdfgd8msFbe0A42j5eNudKAAPDB0+QJRw8cO1ygjLmhLrg9RvDpf87Dkd6D4t93qdef00KKNacQ==
  dependencies:
    prosemirror-model "^1.0.0"
    prosemirror-transform "^1.0.0"
    prosemirror-view "^1.27.0"

prosemirror-tables@^1.3.0:
  version "1.3.2"
  resolved "https://registry.npmjs.org/prosemirror-tables/-/prosemirror-tables-1.3.2.tgz"
  integrity sha512-/9JTeN6s58Zq66HXaxP6uf8PAmc7XXKZFPlOGVtLvxEd6xBP6WtzaJB9wBjiGUzwbdhdMEy7V62yuHqk/3VrnQ==
  dependencies:
    prosemirror-keymap "^1.1.2"
    prosemirror-model "^1.8.1"
    prosemirror-state "^1.3.1"
    prosemirror-transform "^1.2.1"
    prosemirror-view "^1.13.3"

prosemirror-trailing-node@^2.0.2:
  version "2.0.3"
  resolved "https://registry.npmjs.org/prosemirror-trailing-node/-/prosemirror-trailing-node-2.0.3.tgz"
  integrity sha512-lGrjMrn97KWkjQSW/FjdvnhJmqFACmQIyr6lKYApvHitDnKsCoZz6XzrHB7RZYHni/0NxQmZ01p/2vyK2SkvaA==
  dependencies:
    "@babel/runtime" "^7.13.10"
    "@remirror/core-constants" "^2.0.0"
    "@remirror/core-helpers" "^2.0.1"
    escape-string-regexp "^4.0.0"

prosemirror-transform@^1.0.0, prosemirror-transform@^1.1.0, prosemirror-transform@^1.2.1, prosemirror-transform@^1.7.0:
  version "1.7.1"
  resolved "https://registry.npmjs.org/prosemirror-transform/-/prosemirror-transform-1.7.1.tgz"
  integrity sha512-VteoifAfpt46z0yEt6Fc73A5OID9t/y2QIeR5MgxEwTuitadEunD/V0c9jQW8ziT8pbFM54uTzRLJ/nLuQjMxg==
  dependencies:
    prosemirror-model "^1.0.0"

prosemirror-view@^1, prosemirror-view@^1.0.0, prosemirror-view@^1.1.0, prosemirror-view@^1.13.3, prosemirror-view@^1.27.0, prosemirror-view@^1.28.2:
  version "1.30.2"
  resolved "https://registry.npmjs.org/prosemirror-view/-/prosemirror-view-1.30.2.tgz"
  integrity sha512-nTNzZvalQf9kHeEyO407LiV6DoOs/pXsid88UqW9Vvybo4ozJW2PJhkfZUxCUF1hR/9vJLdhxX84wuw9P9HsXA==
  dependencies:
    prosemirror-model "^1.16.0"
    prosemirror-state "^1.0.0"
    prosemirror-transform "^1.1.0"

regenerator-runtime@^0.13.11:
  version "0.13.11"
  resolved "https://registry.npmjs.org/regenerator-runtime/-/regenerator-runtime-0.13.11.tgz"
  integrity sha512-kY1AZVr2Ra+t+piVaJ4gxaFaReZVH40AKNo7UCX6W+dEwBo/2oZJzqfuN1qLq1oL45o56cPaTXELwrTh8Fpggg==

resolve@^1.22.1:
  version "1.22.1"
  resolved "https://registry.npmjs.org/resolve/-/resolve-1.22.1.tgz"
  integrity sha512-nBpuuYuY5jFsli/JIs1oldw6fOQCBioohqWZg/2hiaOybXOft4lonv85uDOKXdf8rhyK159cxU5cDcK/NKk8zw==
  dependencies:
    is-core-module "^2.9.0"
    path-parse "^1.0.7"
    supports-preserve-symlinks-flag "^1.0.0"

robust-predicates@^3.0.0:
  version "3.0.1"
  resolved "https://registry.npmjs.org/robust-predicates/-/robust-predicates-3.0.1.tgz"
  integrity sha512-ndEIpszUHiG4HtDsQLeIuMvRsDnn8c8rYStabochtUeCvfuvNptb5TUbVD68LRAILPX7p9nqQGh4xJgn3EHS/g==

rollup@^3.18.0:
  version "3.20.2"
  resolved "https://registry.npmjs.org/rollup/-/rollup-3.20.2.tgz"
  integrity sha512-3zwkBQl7Ai7MFYQE0y1MeQ15+9jsi7XxfrqwTb/9EK8D9C9+//EBR4M+CuA1KODRaNbFez/lWxA5vhEGZp4MUg==
  optionalDependencies:
    fsevents "~2.3.2"

rope-sequence@^1.3.0:
  version "1.3.3"
  resolved "https://registry.npmjs.org/rope-sequence/-/rope-sequence-1.3.3.tgz"
  integrity sha512-85aZYCxweiD5J8yTEbw+E6A27zSnLPNDL0WfPdw3YYodq7WjnTKo0q4dtyQ2gz23iPT8Q9CUyJtAaUNcTxRf5Q==

rw@1:
  version "1.3.3"
  resolved "https://registry.npmjs.org/rw/-/rw-1.3.3.tgz"
  integrity sha512-PdhdWy89SiZogBLaw42zdeqtRJ//zFd2PgQavcICDUgJT5oW10QCRKbJ6bg4r0/UY2M6BWd5tkxuGFRvCkgfHQ==

"safer-buffer@>= 2.1.2 < 3.0.0":
  version "2.1.2"
  resolved "https://registry.npmjs.org/safer-buffer/-/safer-buffer-2.1.2.tgz"
  integrity sha512-YZo3K82SD7Riyi0E1EQPojLz7kpepnSQI9IyPbHHg1XXXevb5dJI7tpyN2ADxGcQbHG7vcyRHk0cbwqcQriUtg==

source-map-js@^1.0.2:
  version "1.0.2"
  resolved "https://registry.npmjs.org/source-map-js/-/source-map-js-1.0.2.tgz"
  integrity sha512-R0XvVJ9WusLiqTCEiGCmICCMplcCkIwwR11mOSD9CR5u+IXYdiseeEuXCVAjS54zqwkLcPNnmU4OeJ6tUrWhDw==

string-natural-compare@^2.0.2:
  version "2.0.3"
  resolved "https://registry.npmjs.org/string-natural-compare/-/string-natural-compare-2.0.3.tgz"
  integrity sha512-4Kcl12rNjc+6EKhY8QyDVuQTAlMWwRiNbsxnVwBUKFr7dYPQuXVrtNU4sEkjF9LHY0AY6uVbB3ktbkIH4LC+BQ==

supports-preserve-symlinks-flag@^1.0.0:
  version "1.0.0"
  resolved "https://registry.npmjs.org/supports-preserve-symlinks-flag/-/supports-preserve-symlinks-flag-1.0.0.tgz"
  integrity sha512-ot0WnXS9fgdkgIcePe6RHNk1WA8+muPa6cSjeR3V8K27q9BB1rTE3R1p7Hv0z1ZyAc8s6Vvv8DIyWf681MAt0w==

throttle-debounce@^3.0.1:
  version "3.0.1"
  resolved "https://registry.npmjs.org/throttle-debounce/-/throttle-debounce-3.0.1.tgz"
  integrity sha512-dTEWWNu6JmeVXY0ZYoPuH5cRIwc0MeGbJwah9KUNYSJwommQpCzTySTpEe8Gs1J23aeWEuAobe4Ag7EHVt/LOg==

tiptap-markdown@^0.6.0:
  version "0.6.0"
  resolved "https://registry.npmjs.org/tiptap-markdown/-/tiptap-markdown-0.6.0.tgz"
  integrity sha512-x2Bqp75W5wrQ0aN4Hl8kpNyfPSgr0QqdorosLXqySOmG12lwMJLUxw0lEH7za9uArzLAax+1nv/V7dCYnqJbPA==
  dependencies:
    "@types/markdown-it" "^12.2.3"
    markdown-it "^12.0.6"
    markdown-it-task-lists "^2.1.1"
    prosemirror-markdown "^1.9.3"

type-fest@^2.0.0:
  version "2.19.0"
  resolved "https://registry.npmjs.org/type-fest/-/type-fest-2.19.0.tgz"
  integrity sha512-RAH822pAdBgcNMAfWnCBU3CFZcfZ/i1eZjwFU/dsLKumyuuP3niueg2UAukXYF0E2AAoc82ZSSf9J0WQBinzHA==

uc.micro@^1.0.1, uc.micro@^1.0.5:
  version "1.0.6"
  resolved "https://registry.npmjs.org/uc.micro/-/uc.micro-1.0.6.tgz"
  integrity sha512-8Y75pvTYkLJW2hWQHXxoqRgV7qb9B+9vFEtidML+7koHUFapnVJAZ6cKs+Qjz5Aw3aZWHMC6u0wJE3At+nSGwA==

vite@^4.1.1:
  version "4.2.1"
  resolved "https://registry.npmjs.org/vite/-/vite-4.2.1.tgz"
  integrity sha512-7MKhqdy0ISo4wnvwtqZkjke6XN4taqQ2TBaTccLIpOKv7Vp2h4Y+NpmWCnGDeSvvn45KxvWgGyb0MkHvY1vgbg==
  dependencies:
    esbuild "^0.17.5"
    postcss "^8.4.21"
    resolve "^1.22.1"
    rollup "^3.18.0"
  optionalDependencies:
    fsevents "~2.3.2"

w3c-keyname@^2.2.0:
  version "2.2.6"
  resolved "https://registry.npmjs.org/w3c-keyname/-/w3c-keyname-2.2.6.tgz"
  integrity sha512-f+fciywl1SJEniZHD6H+kUO8gOnwIr7f4ijKA6+ZvJFjeGi1r4PDLl53Ayud9O/rk64RqgoQine0feoeOU0kXg==
